// !$*UTF8*$!
{
	archiveVersion = 1;
	classes = {
	};
	objectVersion = 56;
	objects = {

/* Begin PBXBuildFile section */
		53774FB96A09FE996F81F3AC /* Pods_SwipeHanja.framework in Frameworks */ = {isa = PBXBuildFile; fileRef = 5BF8EFC7BD89A7F2941EB01E /* Pods_SwipeHanja.framework */; };
		6A0A8E552D18091100E3F993 /* DBManager.swift in Resources */ = {isa = PBXBuildFile; fileRef = 6A0A8E542D18090E00E3F993 /* DBManager.swift */; };
		6A21AD8F2C0215DD004ACBC0 /* copyright.txt in Resources */ = {isa = PBXBuildFile; fileRef = 6A21AD8C2C0215DD004ACBC0 /* copyright.txt */; };
		6A21AD902C0215DD004ACBC0 /* KanjiStrokeOrders_v4.004.ttf in Resources */ = {isa = PBXBuildFile; fileRef = 6A21AD8D2C0215DD004ACBC0 /* KanjiStrokeOrders_v4.004.ttf */; };
		6A21AD912C0215DD004ACBC0 /* readme_en_v4.004.txt in Resources */ = {isa = PBXBuildFile; fileRef = 6A21AD8E2C0215DD004ACBC0 /* readme_en_v4.004.txt */; };
		6A21AD932C021AB8004ACBC0 /* FontType.swift in Sources */ = {isa = PBXBuildFile; fileRef = 6A21AD922C021AB8004ACBC0 /* FontType.swift */; };
		6A2310DB2C2B0D2A008BFCBC /* FavoriteData.swift in Sources */ = {isa = PBXBuildFile; fileRef = 6A2310DA2C2B0D2A008BFCBC /* FavoriteData.swift */; };
		6A2310E32C2C5C26008BFCBC /* FavoritesVM.swift in Sources */ = {isa = PBXBuildFile; fileRef = 6A2310E22C2C5C26008BFCBC /* FavoritesVM.swift */; };
		6A2310E62C2C6448008BFCBC /* FavoriteItem.swift in Sources */ = {isa = PBXBuildFile; fileRef = 6A2310E52C2C6448008BFCBC /* FavoriteItem.swift */; };
		6A2310ED2C382488008BFCBC /* FavoritesSwipeVC.swift in Sources */ = {isa = PBXBuildFile; fileRef = 6A2310EB2C382488008BFCBC /* FavoritesSwipeVC.swift */; };
		6A2310EE2C382488008BFCBC /* FavoritesSwipeVC.xib in Resources */ = {isa = PBXBuildFile; fileRef = 6A2310EC2C382488008BFCBC /* FavoritesSwipeVC.xib */; };
		6A2310F02C38248F008BFCBC /* FavoritesSwipeVM.swift in Sources */ = {isa = PBXBuildFile; fileRef = 6A2310EF2C38248F008BFCBC /* FavoritesSwipeVM.swift */; };
		6A23F4CC2D22F5010001362B /* CardPacks_20241231.json in Resources */ = {isa = PBXBuildFile; fileRef = 6A23F4CB2D22F5010001362B /* CardPacks_20241231.json */; };
		6A5C2D232BF8A553003E7CF6 /* GoogleService-Info.plist in Resources */ = {isa = PBXBuildFile; fileRef = 6A5C2D222BF8A553003E7CF6 /* GoogleService-Info.plist */; };
		6A5C2D2C2BFA1E25003E7CF6 /* PrivacyInfo.xcprivacy in Resources */ = {isa = PBXBuildFile; fileRef = 6A5C2D2B2BFA1E25003E7CF6 /* PrivacyInfo.xcprivacy */; };
		6A64ABAC2D2A97A400F801F9 /* AdPopUpVCViewController.swift in Sources */ = {isa = PBXBuildFile; fileRef = 6A64ABAA2D2A97A400F801F9 /* AdPopUpVCViewController.swift */; };
		6A64ABAD2D2A97A400F801F9 /* AdPopUpVCViewController.xib in Resources */ = {isa = PBXBuildFile; fileRef = 6A64ABAB2D2A97A400F801F9 /* AdPopUpVCViewController.xib */; };
		6A64ABAE2D2A97A400F801F9 /* AdPopUpVCViewController.swift in Sources */ = {isa = PBXBuildFile; fileRef = 6A64ABAA2D2A97A400F801F9 /* AdPopUpVCViewController.swift */; };
		6A64ABAF2D2A97A400F801F9 /* AdPopUpVCViewController.xib in Resources */ = {isa = PBXBuildFile; fileRef = 6A64ABAB2D2A97A400F801F9 /* AdPopUpVCViewController.xib */; };
		6A70A7272C21C4F100B2B4AB /* MainTabBarController.swift in Sources */ = {isa = PBXBuildFile; fileRef = 6A70A7252C21C4F100B2B4AB /* MainTabBarController.swift */; };
		6A70A72A2C21C5EA00B2B4AB /* MainVC.xib in Resources */ = {isa = PBXBuildFile; fileRef = 6A70A7292C21C5EA00B2B4AB /* MainVC.xib */; };
		6A70A72E2C21C78000B2B4AB /* FavoritesVC.swift in Sources */ = {isa = PBXBuildFile; fileRef = 6A70A72C2C21C78000B2B4AB /* FavoritesVC.swift */; };
		6A70A72F2C21C78000B2B4AB /* FavoritesVC.xib in Resources */ = {isa = PBXBuildFile; fileRef = 6A70A72D2C21C78000B2B4AB /* FavoritesVC.xib */; };
		6A788E4C2BD17EF800B7ABDA /* CardItemComponentView.swift in Sources */ = {isa = PBXBuildFile; fileRef = 6A788E4A2BD17EF800B7ABDA /* CardItemComponentView.swift */; };
		6A788E4D2BD17EF800B7ABDA /* CardItemComponentView.xib in Resources */ = {isa = PBXBuildFile; fileRef = 6A788E4B2BD17EF800B7ABDA /* CardItemComponentView.xib */; };
		6A788E902BD7EA6500B7ABDA /* DraggableCardView.swift in Sources */ = {isa = PBXBuildFile; fileRef = 6A788E862BD7EA6500B7ABDA /* DraggableCardView.swift */; };
		6A788E912BD7EA6500B7ABDA /* OverlayView.swift in Sources */ = {isa = PBXBuildFile; fileRef = 6A788E882BD7EA6500B7ABDA /* OverlayView.swift */; };
		6A788E922BD7EA6500B7ABDA /* KolodaAnimationSemaphore.swift in Sources */ = {isa = PBXBuildFile; fileRef = 6A788E8A2BD7EA6500B7ABDA /* KolodaAnimationSemaphore.swift */; };
		6A788E932BD7EA6500B7ABDA /* KolodaCardStorage.swift in Sources */ = {isa = PBXBuildFile; fileRef = 6A788E8B2BD7EA6500B7ABDA /* KolodaCardStorage.swift */; };
		6A788E942BD7EA6500B7ABDA /* KolodaView.swift in Sources */ = {isa = PBXBuildFile; fileRef = 6A788E8C2BD7EA6500B7ABDA /* KolodaView.swift */; };
		6A788E952BD7EA6500B7ABDA /* KolodaViewAnimatior.swift in Sources */ = {isa = PBXBuildFile; fileRef = 6A788E8D2BD7EA6500B7ABDA /* KolodaViewAnimatior.swift */; };
		6A788E962BD7EA6500B7ABDA /* SwipeResultDirection.swift in Sources */ = {isa = PBXBuildFile; fileRef = 6A788E8E2BD7EA6500B7ABDA /* SwipeResultDirection.swift */; };
		6A7E78B12BF33FD40081F561 /* SwipeCardCompletionPopUpVC.swift in Sources */ = {isa = PBXBuildFile; fileRef = 6A7E78AF2BF33FD40081F561 /* SwipeCardCompletionPopUpVC.swift */; };
		6A7E78B22BF33FD40081F561 /* SwipeCardCompletionPopUpVC.xib in Resources */ = {isa = PBXBuildFile; fileRef = 6A7E78B02BF33FD40081F561 /* SwipeCardCompletionPopUpVC.xib */; };
		6A848B542D23A58F00CB888D /* DBManager.swift in Sources */ = {isa = PBXBuildFile; fileRef = 6A0A8E542D18090E00E3F993 /* DBManager.swift */; };
		6A848B562D23C68400CB888D /* CardItemBackContentView.swift in Sources */ = {isa = PBXBuildFile; fileRef = 6A848B552D23C68400CB888D /* CardItemBackContentView.swift */; };
		6A848B5A2D23C69800CB888D /* CardItemBackContentView.xib in Resources */ = {isa = PBXBuildFile; fileRef = 6A848B592D23C69800CB888D /* CardItemBackContentView.xib */; };
		6A848B5C2D23C6D000CB888D /* NibUIView.swift in Sources */ = {isa = PBXBuildFile; fileRef = 6A848B5B2D23C6CB00CB888D /* NibUIView.swift */; };
		6A848B5E2D23C94C00CB888D /* Songti.ttc in Resources */ = {isa = PBXBuildFile; fileRef = 6A848B5D2D23C94C00CB888D /* Songti.ttc */; };
		6A928E812C173A2D00894FD4 /* CardItemView.swift in Sources */ = {isa = PBXBuildFile; fileRef = 6A928E802C173A2D00894FD4 /* CardItemView.swift */; };
		6A928E832C173A3C00894FD4 /* CardItemView.xib in Resources */ = {isa = PBXBuildFile; fileRef = 6A928E822C173A3C00894FD4 /* CardItemView.xib */; };
		6AA126882BF5A12A00B67424 /* WordListVC.swift in Sources */ = {isa = PBXBuildFile; fileRef = 6AA126862BF5A12A00B67424 /* WordListVC.swift */; };
		6AA126892BF5A12A00B67424 /* WordListVC.xib in Resources */ = {isa = PBXBuildFile; fileRef = 6AA126872BF5A12A00B67424 /* WordListVC.xib */; };
		6AA1268C2BF5A15200B67424 /* WordListItemCell.swift in Sources */ = {isa = PBXBuildFile; fileRef = 6AA1268A2BF5A15200B67424 /* WordListItemCell.swift */; };
		6AA1268D2BF5A15200B67424 /* WordListItemCell.xib in Resources */ = {isa = PBXBuildFile; fileRef = 6AA1268B2BF5A15200B67424 /* WordListItemCell.xib */; };
		6AA332022BD14E0200996EC5 /* AppDelegate.swift in Sources */ = {isa = PBXBuildFile; fileRef = 6AA332012BD14E0200996EC5 /* AppDelegate.swift */; };
		6AA332042BD14E0200996EC5 /* SceneDelegate.swift in Sources */ = {isa = PBXBuildFile; fileRef = 6AA332032BD14E0200996EC5 /* SceneDelegate.swift */; };
		6AA332062BD14E0200996EC5 /* MainVC.swift in Sources */ = {isa = PBXBuildFile; fileRef = 6AA332052BD14E0200996EC5 /* MainVC.swift */; };
		6AA3320B2BD14E0200996EC5 /* Assets.xcassets in Resources */ = {isa = PBXBuildFile; fileRef = 6AA3320A2BD14E0200996EC5 /* Assets.xcassets */; };
		6AA3320E2BD14E0200996EC5 /* Base in Resources */ = {isa = PBXBuildFile; fileRef = 6AA3320D2BD14E0200996EC5 /* Base */; };
		6AA332192BD14F8C00996EC5 /* SwipeCardVC.swift in Sources */ = {isa = PBXBuildFile; fileRef = 6AA332172BD14F8C00996EC5 /* SwipeCardVC.swift */; };
		6AA3321A2BD14F8C00996EC5 /* SwipeCardVC.xib in Resources */ = {isa = PBXBuildFile; fileRef = 6AA332182BD14F8C00996EC5 /* SwipeCardVC.xib */; };
		6AA3321D2BD1532000996EC5 /* CardItem.swift in Sources */ = {isa = PBXBuildFile; fileRef = 6AA3321C2BD1532000996EC5 /* CardItem.swift */; };
		6AA332202BD1579B00996EC5 /* CommonUtility.swift in Sources */ = {isa = PBXBuildFile; fileRef = 6AA3321F2BD1579B00996EC5 /* CommonUtility.swift */; };
		6AA509B92D283D3300ABED4B /* AdMobManager.swift in Sources */ = {isa = PBXBuildFile; fileRef = 6AA509B72D283D0B00ABED4B /* AdMobManager.swift */; };
		6AB977922D28359200497D96 /* DBManager.swift in Sources */ = {isa = PBXBuildFile; fileRef = 6A0A8E542D18090E00E3F993 /* DBManager.swift */; };
		6AB977932D28359200497D96 /* OverlayView.swift in Sources */ = {isa = PBXBuildFile; fileRef = 6A788E882BD7EA6500B7ABDA /* OverlayView.swift */; };
		6AB977942D28359200497D96 /* KolodaViewAnimatior.swift in Sources */ = {isa = PBXBuildFile; fileRef = 6A788E8D2BD7EA6500B7ABDA /* KolodaViewAnimatior.swift */; };
		6AB977952D28359200497D96 /* MainTabBarController.swift in Sources */ = {isa = PBXBuildFile; fileRef = 6A70A7252C21C4F100B2B4AB /* MainTabBarController.swift */; };
		6AB977962D28359200497D96 /* AppSetting.swift in Sources */ = {isa = PBXBuildFile; fileRef = 6AFD0BFA2BE5963000F27BBE /* AppSetting.swift */; };
		6AB977972D28359200497D96 /* AlertHelper.swift in Sources */ = {isa = PBXBuildFile; fileRef = 6AFD0C042BE8F80E00F27BBE /* AlertHelper.swift */; };
		6AB977982D28359200497D96 /* CardItemBackContentView.swift in Sources */ = {isa = PBXBuildFile; fileRef = 6A848B552D23C68400CB888D /* CardItemBackContentView.swift */; };
		6AB977992D28359200497D96 /* CardPack.swift in Sources */ = {isa = PBXBuildFile; fileRef = 6AFD0BE42BDA855400F27BBE /* CardPack.swift */; };
		6AB9779A2D28359200497D96 /* FavoritesVC.swift in Sources */ = {isa = PBXBuildFile; fileRef = 6A70A72C2C21C78000B2B4AB /* FavoritesVC.swift */; };
		6AB9779B2D28359200497D96 /* FavoritesSwipeVM.swift in Sources */ = {isa = PBXBuildFile; fileRef = 6A2310EF2C38248F008BFCBC /* FavoritesSwipeVM.swift */; };
		6AB9779C2D28359200497D96 /* DraggableCardView.swift in Sources */ = {isa = PBXBuildFile; fileRef = 6A788E862BD7EA6500B7ABDA /* DraggableCardView.swift */; };
		6AB9779D2D28359200497D96 /* CardItemView.swift in Sources */ = {isa = PBXBuildFile; fileRef = 6A928E802C173A2D00894FD4 /* CardItemView.swift */; };
		6AB9779E2D28359200497D96 /* FavoriteData.swift in Sources */ = {isa = PBXBuildFile; fileRef = 6A2310DA2C2B0D2A008BFCBC /* FavoriteData.swift */; };
		6AB9779F2D28359200497D96 /* SwipeResultDirection.swift in Sources */ = {isa = PBXBuildFile; fileRef = 6A788E8E2BD7EA6500B7ABDA /* SwipeResultDirection.swift */; };
		6AB977A02D28359200497D96 /* SettingsView.swift in Sources */ = {isa = PBXBuildFile; fileRef = 6AFD0BF72BE5937E00F27BBE /* SettingsView.swift */; };
		6AB977A12D28359200497D96 /* MainVC.swift in Sources */ = {isa = PBXBuildFile; fileRef = 6AA332052BD14E0200996EC5 /* MainVC.swift */; };
		6AB977A22D28359200497D96 /* FavoritesItemCell.swift in Sources */ = {isa = PBXBuildFile; fileRef = 6AE23B5E2C29A35F009E8978 /* FavoritesItemCell.swift */; };
		6AB977A32D28359200497D96 /* SwipeCardCompletionPopUpVC.swift in Sources */ = {isa = PBXBuildFile; fileRef = 6A7E78AF2BF33FD40081F561 /* SwipeCardCompletionPopUpVC.swift */; };
		6AB977A42D28359200497D96 /* WordListItemCell.swift in Sources */ = {isa = PBXBuildFile; fileRef = 6AA1268A2BF5A15200B67424 /* WordListItemCell.swift */; };
		6AB977A52D28359200497D96 /* CardItemComponentView.swift in Sources */ = {isa = PBXBuildFile; fileRef = 6A788E4A2BD17EF800B7ABDA /* CardItemComponentView.swift */; };
		6AB977A62D28359200497D96 /* SwipeCardVM.swift in Sources */ = {isa = PBXBuildFile; fileRef = 6AFD0BE62BDA89CD00F27BBE /* SwipeCardVM.swift */; };
		6AB977A72D28359200497D96 /* SearchWebVC.swift in Sources */ = {isa = PBXBuildFile; fileRef = 6AC284072C3AE47E007BEFD1 /* SearchWebVC.swift */; };
		6AB977A82D28359200497D96 /* AppDelegate.swift in Sources */ = {isa = PBXBuildFile; fileRef = 6AA332012BD14E0200996EC5 /* AppDelegate.swift */; };
		6AB977A92D28359200497D96 /* SHOverlayView.swift in Sources */ = {isa = PBXBuildFile; fileRef = 6AFD0C0C2BE93BEB00F27BBE /* SHOverlayView.swift */; };
		6AB977AA2D28359200497D96 /* LearningStatus.swift in Sources */ = {isa = PBXBuildFile; fileRef = 6AFD0C022BE7698C00F27BBE /* LearningStatus.swift */; };
		6AB977AB2D28359200497D96 /* CardItem.swift in Sources */ = {isa = PBXBuildFile; fileRef = 6AA3321C2BD1532000996EC5 /* CardItem.swift */; };
		6AB977AC2D28359200497D96 /* CommonUtility.swift in Sources */ = {isa = PBXBuildFile; fileRef = 6AA3321F2BD1579B00996EC5 /* CommonUtility.swift */; };
		6AB977AD2D28359200497D96 /* FontType.swift in Sources */ = {isa = PBXBuildFile; fileRef = 6A21AD922C021AB8004ACBC0 /* FontType.swift */; };
		6AB977AE2D28359200497D96 /* FavoritesSwipeVC.swift in Sources */ = {isa = PBXBuildFile; fileRef = 6A2310EB2C382488008BFCBC /* FavoritesSwipeVC.swift */; };
		6AB977AF2D28359200497D96 /* SceneDelegate.swift in Sources */ = {isa = PBXBuildFile; fileRef = 6AA332032BD14E0200996EC5 /* SceneDelegate.swift */; };
		6AB977B02D28359200497D96 /* FavoritesVM.swift in Sources */ = {isa = PBXBuildFile; fileRef = 6A2310E22C2C5C26008BFCBC /* FavoritesVM.swift */; };
		6AB977B12D28359200497D96 /* MainVM.swift in Sources */ = {isa = PBXBuildFile; fileRef = 6AFD0BE92BE24EA300F27BBE /* MainVM.swift */; };
		6AB977B22D28359200497D96 /* KolodaView.swift in Sources */ = {isa = PBXBuildFile; fileRef = 6A788E8C2BD7EA6500B7ABDA /* KolodaView.swift */; };
		6AB977B32D28359200497D96 /* WordListVC.swift in Sources */ = {isa = PBXBuildFile; fileRef = 6AA126862BF5A12A00B67424 /* WordListVC.swift */; };
		6AB977B42D28359200497D96 /* FavoritesStartLearningCell.swift in Sources */ = {isa = PBXBuildFile; fileRef = 6AE23B622C29A634009E8978 /* FavoritesStartLearningCell.swift */; };
		6AB977B52D28359200497D96 /* AppStatus.swift in Sources */ = {isa = PBXBuildFile; fileRef = 6AFD0BFC2BE5974F00F27BBE /* AppStatus.swift */; };
		6AB977B62D28359200497D96 /* NibUIView.swift in Sources */ = {isa = PBXBuildFile; fileRef = 6A848B5B2D23C6CB00CB888D /* NibUIView.swift */; };
		6AB977B72D28359200497D96 /* KolodaCardStorage.swift in Sources */ = {isa = PBXBuildFile; fileRef = 6A788E8B2BD7EA6500B7ABDA /* KolodaCardStorage.swift */; };
		6AB977B82D28359200497D96 /* SwipeCardVC.swift in Sources */ = {isa = PBXBuildFile; fileRef = 6AA332172BD14F8C00996EC5 /* SwipeCardVC.swift */; };
		6AB977B92D28359200497D96 /* CardSideType.swift in Sources */ = {isa = PBXBuildFile; fileRef = 6AFD0C062BE90AB700F27BBE /* CardSideType.swift */; };
		6AB977BA2D28359200497D96 /* EmailHelper.swift in Sources */ = {isa = PBXBuildFile; fileRef = 6AFD0BFE2BE5979200F27BBE /* EmailHelper.swift */; };
		6AB977BB2D28359200497D96 /* CardPackItemCell.swift in Sources */ = {isa = PBXBuildFile; fileRef = 6AFD0BF22BE51BD800F27BBE /* CardPackItemCell.swift */; };
		6AB977BC2D28359200497D96 /* FavoriteItem.swift in Sources */ = {isa = PBXBuildFile; fileRef = 6A2310E52C2C6448008BFCBC /* FavoriteItem.swift */; };
		6AB977BD2D28359200497D96 /* KolodaAnimationSemaphore.swift in Sources */ = {isa = PBXBuildFile; fileRef = 6A788E8A2BD7EA6500B7ABDA /* KolodaAnimationSemaphore.swift */; };
		6AB977C12D28359200497D96 /* Assets.xcassets in Resources */ = {isa = PBXBuildFile; fileRef = 6AA3320A2BD14E0200996EC5 /* Assets.xcassets */; };
		6AB977C22D28359200497D96 /* CardPacks_20241231.json in Resources */ = {isa = PBXBuildFile; fileRef = 6A23F4CB2D22F5010001362B /* CardPacks_20241231.json */; };
		6AB977C32D28359200497D96 /* FavoritesItemCell.xib in Resources */ = {isa = PBXBuildFile; fileRef = 6AE23B5F2C29A35F009E8978 /* FavoritesItemCell.xib */; };
		6AB977C42D28359200497D96 /* copyright.txt in Resources */ = {isa = PBXBuildFile; fileRef = 6A21AD8C2C0215DD004ACBC0 /* copyright.txt */; };
		6AB977C52D28359200497D96 /* remote_config_defaults.plist in Resources */ = {isa = PBXBuildFile; fileRef = 6AC2840B2C3D6BA6007BEFD1 /* remote_config_defaults.plist */; };
		6AB977C62D28359200497D96 /* FavoritesStartLearningCell.xib in Resources */ = {isa = PBXBuildFile; fileRef = 6AE23B632C29A634009E8978 /* FavoritesStartLearningCell.xib */; };
		6AB977C72D28359200497D96 /* CardItemBackContentView.xib in Resources */ = {isa = PBXBuildFile; fileRef = 6A848B592D23C69800CB888D /* CardItemBackContentView.xib */; };
		6AB977C82D28359200497D96 /* SwipeCardCompletionPopUpVC.xib in Resources */ = {isa = PBXBuildFile; fileRef = 6A7E78B02BF33FD40081F561 /* SwipeCardCompletionPopUpVC.xib */; };
		6AB977C92D28359200497D96 /* PrivacyInfo.xcprivacy in Resources */ = {isa = PBXBuildFile; fileRef = 6A5C2D2B2BFA1E25003E7CF6 /* PrivacyInfo.xcprivacy */; };
		6AB977CA2D28359200497D96 /* FavoritesVC.xib in Resources */ = {isa = PBXBuildFile; fileRef = 6A70A72D2C21C78000B2B4AB /* FavoritesVC.xib */; };
		6AB977CB2D28359200497D96 /* DBManager.swift in Resources */ = {isa = PBXBuildFile; fileRef = 6A0A8E542D18090E00E3F993 /* DBManager.swift */; };
		6AB977CC2D28359200497D96 /* CardItemComponentView.xib in Resources */ = {isa = PBXBuildFile; fileRef = 6A788E4B2BD17EF800B7ABDA /* CardItemComponentView.xib */; };
		6AB977CD2D28359200497D96 /* WordListItemCell.xib in Resources */ = {isa = PBXBuildFile; fileRef = 6AA1268B2BF5A15200B67424 /* WordListItemCell.xib */; };
		6AB977CE2D28359200497D96 /* Songti.ttc in Resources */ = {isa = PBXBuildFile; fileRef = 6A848B5D2D23C94C00CB888D /* Songti.ttc */; };
		6AB977CF2D28359200497D96 /* GoogleService-Info.plist in Resources */ = {isa = PBXBuildFile; fileRef = 6A5C2D222BF8A553003E7CF6 /* GoogleService-Info.plist */; };
		6AB977D02D28359200497D96 /* WordListVC.xib in Resources */ = {isa = PBXBuildFile; fileRef = 6AA126872BF5A12A00B67424 /* WordListVC.xib */; };
		6AB977D12D28359200497D96 /* MainVC.xib in Resources */ = {isa = PBXBuildFile; fileRef = 6A70A7292C21C5EA00B2B4AB /* MainVC.xib */; };
		6AB977D22D28359200497D96 /* SearchWebVC.xib in Resources */ = {isa = PBXBuildFile; fileRef = 6AC284082C3AE47E007BEFD1 /* SearchWebVC.xib */; };
		6AB977D32D28359200497D96 /* Base in Resources */ = {isa = PBXBuildFile; fileRef = 6AA3320D2BD14E0200996EC5 /* Base */; };
		6AB977D42D28359200497D96 /* CardItemView.xib in Resources */ = {isa = PBXBuildFile; fileRef = 6A928E822C173A3C00894FD4 /* CardItemView.xib */; };
		6AB977D52D28359200497D96 /* CardPackItemCell.xib in Resources */ = {isa = PBXBuildFile; fileRef = 6AFD0BF32BE51BD800F27BBE /* CardPackItemCell.xib */; };
		6AB977D62D28359200497D96 /* SHOverlayView.xib in Resources */ = {isa = PBXBuildFile; fileRef = 6AFD0C0D2BE93BEB00F27BBE /* SHOverlayView.xib */; };
		6AB977D72D28359200497D96 /* FavoritesSwipeVC.xib in Resources */ = {isa = PBXBuildFile; fileRef = 6A2310EC2C382488008BFCBC /* FavoritesSwipeVC.xib */; };
		6AB977D82D28359200497D96 /* KanjiStrokeOrders_v4.004.ttf in Resources */ = {isa = PBXBuildFile; fileRef = 6A21AD8D2C0215DD004ACBC0 /* KanjiStrokeOrders_v4.004.ttf */; };
		6AB977D92D28359200497D96 /* readme_en_v4.004.txt in Resources */ = {isa = PBXBuildFile; fileRef = 6A21AD8E2C0215DD004ACBC0 /* readme_en_v4.004.txt */; };
		6AB977DA2D28359200497D96 /* SwipeCardVC.xib in Resources */ = {isa = PBXBuildFile; fileRef = 6AA332182BD14F8C00996EC5 /* SwipeCardVC.xib */; };
		6AC284092C3AE47E007BEFD1 /* SearchWebVC.swift in Sources */ = {isa = PBXBuildFile; fileRef = 6AC284072C3AE47E007BEFD1 /* SearchWebVC.swift */; };
		6AC2840A2C3AE47E007BEFD1 /* SearchWebVC.xib in Resources */ = {isa = PBXBuildFile; fileRef = 6AC284082C3AE47E007BEFD1 /* SearchWebVC.xib */; };
		6AC2840C2C3D6BA6007BEFD1 /* remote_config_defaults.plist in Resources */ = {isa = PBXBuildFile; fileRef = 6AC2840B2C3D6BA6007BEFD1 /* remote_config_defaults.plist */; };
		6AE23B602C29A35F009E8978 /* FavoritesItemCell.swift in Sources */ = {isa = PBXBuildFile; fileRef = 6AE23B5E2C29A35F009E8978 /* FavoritesItemCell.swift */; };
		6AE23B612C29A35F009E8978 /* FavoritesItemCell.xib in Resources */ = {isa = PBXBuildFile; fileRef = 6AE23B5F2C29A35F009E8978 /* FavoritesItemCell.xib */; };
		6AE23B642C29A634009E8978 /* FavoritesStartLearningCell.swift in Sources */ = {isa = PBXBuildFile; fileRef = 6AE23B622C29A634009E8978 /* FavoritesStartLearningCell.swift */; };
		6AE23B652C29A634009E8978 /* FavoritesStartLearningCell.xib in Resources */ = {isa = PBXBuildFile; fileRef = 6AE23B632C29A634009E8978 /* FavoritesStartLearningCell.xib */; };
		6AFD0BE52BDA855400F27BBE /* CardPack.swift in Sources */ = {isa = PBXBuildFile; fileRef = 6AFD0BE42BDA855400F27BBE /* CardPack.swift */; };
		6AFD0BE72BDA89CD00F27BBE /* SwipeCardVM.swift in Sources */ = {isa = PBXBuildFile; fileRef = 6AFD0BE62BDA89CD00F27BBE /* SwipeCardVM.swift */; };
		6AFD0BEA2BE24EA300F27BBE /* MainVM.swift in Sources */ = {isa = PBXBuildFile; fileRef = 6AFD0BE92BE24EA300F27BBE /* MainVM.swift */; };
		6AFD0BF42BE51BD800F27BBE /* CardPackItemCell.swift in Sources */ = {isa = PBXBuildFile; fileRef = 6AFD0BF22BE51BD800F27BBE /* CardPackItemCell.swift */; };
		6AFD0BF52BE51BD800F27BBE /* CardPackItemCell.xib in Resources */ = {isa = PBXBuildFile; fileRef = 6AFD0BF32BE51BD800F27BBE /* CardPackItemCell.xib */; };
		6AFD0BF82BE5937E00F27BBE /* SettingsView.swift in Sources */ = {isa = PBXBuildFile; fileRef = 6AFD0BF72BE5937E00F27BBE /* SettingsView.swift */; };
		6AFD0BFB2BE5963000F27BBE /* AppSetting.swift in Sources */ = {isa = PBXBuildFile; fileRef = 6AFD0BFA2BE5963000F27BBE /* AppSetting.swift */; };
		6AFD0BFD2BE5974F00F27BBE /* AppStatus.swift in Sources */ = {isa = PBXBuildFile; fileRef = 6AFD0BFC2BE5974F00F27BBE /* AppStatus.swift */; };
		6AFD0BFF2BE5979200F27BBE /* EmailHelper.swift in Sources */ = {isa = PBXBuildFile; fileRef = 6AFD0BFE2BE5979200F27BBE /* EmailHelper.swift */; };
		6AFD0C032BE7698C00F27BBE /* LearningStatus.swift in Sources */ = {isa = PBXBuildFile; fileRef = 6AFD0C022BE7698C00F27BBE /* LearningStatus.swift */; };
		6AFD0C052BE8F80E00F27BBE /* AlertHelper.swift in Sources */ = {isa = PBXBuildFile; fileRef = 6AFD0C042BE8F80E00F27BBE /* AlertHelper.swift */; };
		6AFD0C072BE90AB700F27BBE /* CardSideType.swift in Sources */ = {isa = PBXBuildFile; fileRef = 6AFD0C062BE90AB700F27BBE /* CardSideType.swift */; };
		6AFD0C0E2BE93BEB00F27BBE /* SHOverlayView.swift in Sources */ = {isa = PBXBuildFile; fileRef = 6AFD0C0C2BE93BEB00F27BBE /* SHOverlayView.swift */; };
		6AFD0C0F2BE93BEB00F27BBE /* SHOverlayView.xib in Resources */ = {isa = PBXBuildFile; fileRef = 6AFD0C0D2BE93BEB00F27BBE /* SHOverlayView.xib */; };
		8D9FDD0FF66DE2A57C148566 /* Pods_SwipeHanjaAD.framework in Frameworks */ = {isa = PBXBuildFile; fileRef = D411B8AF6AE390CBAF025414 /* Pods_SwipeHanjaAD.framework */; };
/* End PBXBuildFile section */

/* Begin PBXFileReference section */
		296394B1B2FF915B9F18FE34 /* Pods-SwipeHanja.release.xcconfig */ = {isa = PBXFileReference; includeInIndex = 1; lastKnownFileType = text.xcconfig; name = "Pods-SwipeHanja.release.xcconfig"; path = "Target Support Files/Pods-SwipeHanja/Pods-SwipeHanja.release.xcconfig"; sourceTree = "<group>"; };
		4467F4CA9D9347B76AE7D8EC /* Pods-SwipeHanja.debug.xcconfig */ = {isa = PBXFileReference; includeInIndex = 1; lastKnownFileType = text.xcconfig; name = "Pods-SwipeHanja.debug.xcconfig"; path = "Target Support Files/Pods-SwipeHanja/Pods-SwipeHanja.debug.xcconfig"; sourceTree = "<group>"; };
		4F17F324A498737D263A7C74 /* Pods-SwipeHanjaAD.debug.xcconfig */ = {isa = PBXFileReference; includeInIndex = 1; lastKnownFileType = text.xcconfig; name = "Pods-SwipeHanjaAD.debug.xcconfig"; path = "Target Support Files/Pods-SwipeHanjaAD/Pods-SwipeHanjaAD.debug.xcconfig"; sourceTree = "<group>"; };
		5BF8EFC7BD89A7F2941EB01E /* Pods_SwipeHanja.framework */ = {isa = PBXFileReference; explicitFileType = wrapper.framework; includeInIndex = 0; path = Pods_SwipeHanja.framework; sourceTree = BUILT_PRODUCTS_DIR; };
		6A0A8E542D18090E00E3F993 /* DBManager.swift */ = {isa = PBXFileReference; lastKnownFileType = sourcecode.swift; path = DBManager.swift; sourceTree = "<group>"; };
		6A21AD8C2C0215DD004ACBC0 /* copyright.txt */ = {isa = PBXFileReference; fileEncoding = 4; lastKnownFileType = text; path = copyright.txt; sourceTree = "<group>"; };
		6A21AD8D2C0215DD004ACBC0 /* KanjiStrokeOrders_v4.004.ttf */ = {isa = PBXFileReference; lastKnownFileType = file; path = KanjiStrokeOrders_v4.004.ttf; sourceTree = "<group>"; };
		6A21AD8E2C0215DD004ACBC0 /* readme_en_v4.004.txt */ = {isa = PBXFileReference; fileEncoding = 4; lastKnownFileType = text; path = readme_en_v4.004.txt; sourceTree = "<group>"; };
		6A21AD922C021AB8004ACBC0 /* FontType.swift */ = {isa = PBXFileReference; lastKnownFileType = sourcecode.swift; path = FontType.swift; sourceTree = "<group>"; };
		6A2310DA2C2B0D2A008BFCBC /* FavoriteData.swift */ = {isa = PBXFileReference; lastKnownFileType = sourcecode.swift; path = FavoriteData.swift; sourceTree = "<group>"; };
		6A2310E22C2C5C26008BFCBC /* FavoritesVM.swift */ = {isa = PBXFileReference; lastKnownFileType = sourcecode.swift; path = FavoritesVM.swift; sourceTree = "<group>"; };
		6A2310E52C2C6448008BFCBC /* FavoriteItem.swift */ = {isa = PBXFileReference; lastKnownFileType = sourcecode.swift; path = FavoriteItem.swift; sourceTree = "<group>"; };
		6A2310EB2C382488008BFCBC /* FavoritesSwipeVC.swift */ = {isa = PBXFileReference; lastKnownFileType = sourcecode.swift; path = FavoritesSwipeVC.swift; sourceTree = "<group>"; };
		6A2310EC2C382488008BFCBC /* FavoritesSwipeVC.xib */ = {isa = PBXFileReference; lastKnownFileType = file.xib; path = FavoritesSwipeVC.xib; sourceTree = "<group>"; };
		6A2310EF2C38248F008BFCBC /* FavoritesSwipeVM.swift */ = {isa = PBXFileReference; lastKnownFileType = sourcecode.swift; path = FavoritesSwipeVM.swift; sourceTree = "<group>"; };
		6A23F4CB2D22F5010001362B /* CardPacks_20241231.json */ = {isa = PBXFileReference; lastKnownFileType = text.json; path = CardPacks_20241231.json; sourceTree = "<group>"; };
		6A5C2D212BF8A2C1003E7CF6 /* ko */ = {isa = PBXFileReference; lastKnownFileType = text.plist.strings; name = ko; path = ko.lproj/LaunchScreen.strings; sourceTree = "<group>"; };
		6A5C2D222BF8A553003E7CF6 /* GoogleService-Info.plist */ = {isa = PBXFileReference; fileEncoding = 4; lastKnownFileType = text.plist.xml; path = "GoogleService-Info.plist"; sourceTree = "<group>"; };
		6A5C2D2B2BFA1E25003E7CF6 /* PrivacyInfo.xcprivacy */ = {isa = PBXFileReference; lastKnownFileType = text.xml; path = PrivacyInfo.xcprivacy; sourceTree = "<group>"; };
		6A64ABAA2D2A97A400F801F9 /* AdPopUpVCViewController.swift */ = {isa = PBXFileReference; lastKnownFileType = sourcecode.swift; path = AdPopUpVCViewController.swift; sourceTree = "<group>"; };
		6A64ABAB2D2A97A400F801F9 /* AdPopUpVCViewController.xib */ = {isa = PBXFileReference; lastKnownFileType = file.xib; path = AdPopUpVCViewController.xib; sourceTree = "<group>"; };
		6A70A7252C21C4F100B2B4AB /* MainTabBarController.swift */ = {isa = PBXFileReference; lastKnownFileType = sourcecode.swift; path = MainTabBarController.swift; sourceTree = "<group>"; };
		6A70A7292C21C5EA00B2B4AB /* MainVC.xib */ = {isa = PBXFileReference; lastKnownFileType = file.xib; path = MainVC.xib; sourceTree = "<group>"; };
		6A70A72C2C21C78000B2B4AB /* FavoritesVC.swift */ = {isa = PBXFileReference; lastKnownFileType = sourcecode.swift; path = FavoritesVC.swift; sourceTree = "<group>"; };
		6A70A72D2C21C78000B2B4AB /* FavoritesVC.xib */ = {isa = PBXFileReference; lastKnownFileType = file.xib; path = FavoritesVC.xib; sourceTree = "<group>"; };
		6A788E4A2BD17EF800B7ABDA /* CardItemComponentView.swift */ = {isa = PBXFileReference; fileEncoding = 4; lastKnownFileType = sourcecode.swift; path = CardItemComponentView.swift; sourceTree = "<group>"; };
		6A788E4B2BD17EF800B7ABDA /* CardItemComponentView.xib */ = {isa = PBXFileReference; fileEncoding = 4; lastKnownFileType = file.xib; path = CardItemComponentView.xib; sourceTree = "<group>"; };
		6A788E862BD7EA6500B7ABDA /* DraggableCardView.swift */ = {isa = PBXFileReference; fileEncoding = 4; lastKnownFileType = sourcecode.swift; path = DraggableCardView.swift; sourceTree = "<group>"; };
		6A788E882BD7EA6500B7ABDA /* OverlayView.swift */ = {isa = PBXFileReference; fileEncoding = 4; lastKnownFileType = sourcecode.swift; path = OverlayView.swift; sourceTree = "<group>"; };
		6A788E8A2BD7EA6500B7ABDA /* KolodaAnimationSemaphore.swift */ = {isa = PBXFileReference; fileEncoding = 4; lastKnownFileType = sourcecode.swift; path = KolodaAnimationSemaphore.swift; sourceTree = "<group>"; };
		6A788E8B2BD7EA6500B7ABDA /* KolodaCardStorage.swift */ = {isa = PBXFileReference; fileEncoding = 4; lastKnownFileType = sourcecode.swift; path = KolodaCardStorage.swift; sourceTree = "<group>"; };
		6A788E8C2BD7EA6500B7ABDA /* KolodaView.swift */ = {isa = PBXFileReference; fileEncoding = 4; lastKnownFileType = sourcecode.swift; path = KolodaView.swift; sourceTree = "<group>"; };
		6A788E8D2BD7EA6500B7ABDA /* KolodaViewAnimatior.swift */ = {isa = PBXFileReference; fileEncoding = 4; lastKnownFileType = sourcecode.swift; path = KolodaViewAnimatior.swift; sourceTree = "<group>"; };
		6A788E8E2BD7EA6500B7ABDA /* SwipeResultDirection.swift */ = {isa = PBXFileReference; fileEncoding = 4; lastKnownFileType = sourcecode.swift; path = SwipeResultDirection.swift; sourceTree = "<group>"; };
		6A7E78AF2BF33FD40081F561 /* SwipeCardCompletionPopUpVC.swift */ = {isa = PBXFileReference; lastKnownFileType = sourcecode.swift; path = SwipeCardCompletionPopUpVC.swift; sourceTree = "<group>"; };
		6A7E78B02BF33FD40081F561 /* SwipeCardCompletionPopUpVC.xib */ = {isa = PBXFileReference; lastKnownFileType = file.xib; path = SwipeCardCompletionPopUpVC.xib; sourceTree = "<group>"; };
		6A848B552D23C68400CB888D /* CardItemBackContentView.swift */ = {isa = PBXFileReference; lastKnownFileType = sourcecode.swift; path = CardItemBackContentView.swift; sourceTree = "<group>"; };
		6A848B592D23C69800CB888D /* CardItemBackContentView.xib */ = {isa = PBXFileReference; lastKnownFileType = file.xib; path = CardItemBackContentView.xib; sourceTree = "<group>"; };
		6A848B5B2D23C6CB00CB888D /* NibUIView.swift */ = {isa = PBXFileReference; lastKnownFileType = sourcecode.swift; path = NibUIView.swift; sourceTree = "<group>"; };
		6A848B5D2D23C94C00CB888D /* Songti.ttc */ = {isa = PBXFileReference; lastKnownFileType = file; path = Songti.ttc; sourceTree = "<group>"; };
		6A928E802C173A2D00894FD4 /* CardItemView.swift */ = {isa = PBXFileReference; lastKnownFileType = sourcecode.swift; path = CardItemView.swift; sourceTree = "<group>"; };
		6A928E822C173A3C00894FD4 /* CardItemView.xib */ = {isa = PBXFileReference; lastKnownFileType = file.xib; path = CardItemView.xib; sourceTree = "<group>"; };
		6AA126862BF5A12A00B67424 /* WordListVC.swift */ = {isa = PBXFileReference; lastKnownFileType = sourcecode.swift; path = WordListVC.swift; sourceTree = "<group>"; };
		6AA126872BF5A12A00B67424 /* WordListVC.xib */ = {isa = PBXFileReference; lastKnownFileType = file.xib; path = WordListVC.xib; sourceTree = "<group>"; };
		6AA1268A2BF5A15200B67424 /* WordListItemCell.swift */ = {isa = PBXFileReference; lastKnownFileType = sourcecode.swift; path = WordListItemCell.swift; sourceTree = "<group>"; };
		6AA1268B2BF5A15200B67424 /* WordListItemCell.xib */ = {isa = PBXFileReference; lastKnownFileType = file.xib; path = WordListItemCell.xib; sourceTree = "<group>"; };
		6AA331FE2BD14E0200996EC5 /* SwipeHanja.app */ = {isa = PBXFileReference; explicitFileType = wrapper.application; includeInIndex = 0; path = SwipeHanja.app; sourceTree = BUILT_PRODUCTS_DIR; };
		6AA332012BD14E0200996EC5 /* AppDelegate.swift */ = {isa = PBXFileReference; lastKnownFileType = sourcecode.swift; path = AppDelegate.swift; sourceTree = "<group>"; };
		6AA332032BD14E0200996EC5 /* SceneDelegate.swift */ = {isa = PBXFileReference; lastKnownFileType = sourcecode.swift; path = SceneDelegate.swift; sourceTree = "<group>"; };
		6AA332052BD14E0200996EC5 /* MainVC.swift */ = {isa = PBXFileReference; lastKnownFileType = sourcecode.swift; path = MainVC.swift; sourceTree = "<group>"; };
		6AA3320A2BD14E0200996EC5 /* Assets.xcassets */ = {isa = PBXFileReference; lastKnownFileType = folder.assetcatalog; path = Assets.xcassets; sourceTree = "<group>"; };
		6AA3320D2BD14E0200996EC5 /* Base */ = {isa = PBXFileReference; lastKnownFileType = file.storyboard; name = Base; path = Base.lproj/LaunchScreen.storyboard; sourceTree = "<group>"; };
		6AA3320F2BD14E0200996EC5 /* Info.plist */ = {isa = PBXFileReference; lastKnownFileType = text.plist.xml; path = Info.plist; sourceTree = "<group>"; };
		6AA332172BD14F8C00996EC5 /* SwipeCardVC.swift */ = {isa = PBXFileReference; lastKnownFileType = sourcecode.swift; path = SwipeCardVC.swift; sourceTree = "<group>"; };
		6AA332182BD14F8C00996EC5 /* SwipeCardVC.xib */ = {isa = PBXFileReference; lastKnownFileType = file.xib; path = SwipeCardVC.xib; sourceTree = "<group>"; };
		6AA3321C2BD1532000996EC5 /* CardItem.swift */ = {isa = PBXFileReference; lastKnownFileType = sourcecode.swift; path = CardItem.swift; sourceTree = "<group>"; };
		6AA3321F2BD1579B00996EC5 /* CommonUtility.swift */ = {isa = PBXFileReference; lastKnownFileType = sourcecode.swift; path = CommonUtility.swift; sourceTree = "<group>"; };
		6AA509B72D283D0B00ABED4B /* AdMobManager.swift */ = {isa = PBXFileReference; lastKnownFileType = sourcecode.swift; path = AdMobManager.swift; sourceTree = "<group>"; };
		6AB977E02D28359200497D96 /* SwipeHanjaAD.app */ = {isa = PBXFileReference; explicitFileType = wrapper.application; includeInIndex = 0; path = SwipeHanjaAD.app; sourceTree = BUILT_PRODUCTS_DIR; };
		6AB977E32D2835E700497D96 /* Info.plist */ = {isa = PBXFileReference; lastKnownFileType = text.plist.xml; path = Info.plist; sourceTree = "<group>"; };
		6AC284072C3AE47E007BEFD1 /* SearchWebVC.swift */ = {isa = PBXFileReference; lastKnownFileType = sourcecode.swift; path = SearchWebVC.swift; sourceTree = "<group>"; };
		6AC284082C3AE47E007BEFD1 /* SearchWebVC.xib */ = {isa = PBXFileReference; lastKnownFileType = file.xib; path = SearchWebVC.xib; sourceTree = "<group>"; };
		6AC2840B2C3D6BA6007BEFD1 /* remote_config_defaults.plist */ = {isa = PBXFileReference; fileEncoding = 4; lastKnownFileType = text.plist.xml; path = remote_config_defaults.plist; sourceTree = "<group>"; };
		6AE23B5E2C29A35F009E8978 /* FavoritesItemCell.swift */ = {isa = PBXFileReference; lastKnownFileType = sourcecode.swift; path = FavoritesItemCell.swift; sourceTree = "<group>"; };
		6AE23B5F2C29A35F009E8978 /* FavoritesItemCell.xib */ = {isa = PBXFileReference; lastKnownFileType = file.xib; path = FavoritesItemCell.xib; sourceTree = "<group>"; };
		6AE23B622C29A634009E8978 /* FavoritesStartLearningCell.swift */ = {isa = PBXFileReference; lastKnownFileType = sourcecode.swift; path = FavoritesStartLearningCell.swift; sourceTree = "<group>"; };
		6AE23B632C29A634009E8978 /* FavoritesStartLearningCell.xib */ = {isa = PBXFileReference; lastKnownFileType = file.xib; path = FavoritesStartLearningCell.xib; sourceTree = "<group>"; };
		6AFD0BE42BDA855400F27BBE /* CardPack.swift */ = {isa = PBXFileReference; lastKnownFileType = sourcecode.swift; path = CardPack.swift; sourceTree = "<group>"; };
		6AFD0BE62BDA89CD00F27BBE /* SwipeCardVM.swift */ = {isa = PBXFileReference; lastKnownFileType = sourcecode.swift; path = SwipeCardVM.swift; sourceTree = "<group>"; };
		6AFD0BE92BE24EA300F27BBE /* MainVM.swift */ = {isa = PBXFileReference; lastKnownFileType = sourcecode.swift; path = MainVM.swift; sourceTree = "<group>"; };
		6AFD0BF22BE51BD800F27BBE /* CardPackItemCell.swift */ = {isa = PBXFileReference; lastKnownFileType = sourcecode.swift; path = CardPackItemCell.swift; sourceTree = "<group>"; };
		6AFD0BF32BE51BD800F27BBE /* CardPackItemCell.xib */ = {isa = PBXFileReference; lastKnownFileType = file.xib; path = CardPackItemCell.xib; sourceTree = "<group>"; };
		6AFD0BF72BE5937E00F27BBE /* SettingsView.swift */ = {isa = PBXFileReference; lastKnownFileType = sourcecode.swift; path = SettingsView.swift; sourceTree = "<group>"; };
		6AFD0BFA2BE5963000F27BBE /* AppSetting.swift */ = {isa = PBXFileReference; lastKnownFileType = sourcecode.swift; path = AppSetting.swift; sourceTree = "<group>"; };
		6AFD0BFC2BE5974F00F27BBE /* AppStatus.swift */ = {isa = PBXFileReference; lastKnownFileType = sourcecode.swift; path = AppStatus.swift; sourceTree = "<group>"; };
		6AFD0BFE2BE5979200F27BBE /* EmailHelper.swift */ = {isa = PBXFileReference; lastKnownFileType = sourcecode.swift; path = EmailHelper.swift; sourceTree = "<group>"; };
		6AFD0C022BE7698C00F27BBE /* LearningStatus.swift */ = {isa = PBXFileReference; lastKnownFileType = sourcecode.swift; path = LearningStatus.swift; sourceTree = "<group>"; };
		6AFD0C042BE8F80E00F27BBE /* AlertHelper.swift */ = {isa = PBXFileReference; lastKnownFileType = sourcecode.swift; path = AlertHelper.swift; sourceTree = "<group>"; };
		6AFD0C062BE90AB700F27BBE /* CardSideType.swift */ = {isa = PBXFileReference; lastKnownFileType = sourcecode.swift; path = CardSideType.swift; sourceTree = "<group>"; };
		6AFD0C0C2BE93BEB00F27BBE /* SHOverlayView.swift */ = {isa = PBXFileReference; fileEncoding = 4; lastKnownFileType = sourcecode.swift; path = SHOverlayView.swift; sourceTree = "<group>"; };
		6AFD0C0D2BE93BEB00F27BBE /* SHOverlayView.xib */ = {isa = PBXFileReference; fileEncoding = 4; lastKnownFileType = file.xib; path = SHOverlayView.xib; sourceTree = "<group>"; };
		D411B8AF6AE390CBAF025414 /* Pods_SwipeHanjaAD.framework */ = {isa = PBXFileReference; explicitFileType = wrapper.framework; includeInIndex = 0; path = Pods_SwipeHanjaAD.framework; sourceTree = BUILT_PRODUCTS_DIR; };
		FD092547C7D444A757F2A055 /* Pods-SwipeHanjaAD.release.xcconfig */ = {isa = PBXFileReference; includeInIndex = 1; lastKnownFileType = text.xcconfig; name = "Pods-SwipeHanjaAD.release.xcconfig"; path = "Target Support Files/Pods-SwipeHanjaAD/Pods-SwipeHanjaAD.release.xcconfig"; sourceTree = "<group>"; };
/* End PBXFileReference section */

/* Begin PBXFrameworksBuildPhase section */
		6AA331FB2BD14E0200996EC5 /* Frameworks */ = {
			isa = PBXFrameworksBuildPhase;
			buildActionMask = 2147483647;
			files = (
				53774FB96A09FE996F81F3AC /* Pods_SwipeHanja.framework in Frameworks */,
			);
			runOnlyForDeploymentPostprocessing = 0;
		};
		6AB977BE2D28359200497D96 /* Frameworks */ = {
			isa = PBXFrameworksBuildPhase;
			buildActionMask = 2147483647;
			files = (
				8D9FDD0FF66DE2A57C148566 /* Pods_SwipeHanjaAD.framework in Frameworks */,
			);
			runOnlyForDeploymentPostprocessing = 0;
		};
/* End PBXFrameworksBuildPhase section */

/* Begin PBXGroup section */
		2033B6606F99C623BE24DC47 /* Frameworks */ = {
			isa = PBXGroup;
			children = (
				5BF8EFC7BD89A7F2941EB01E /* Pods_SwipeHanja.framework */,
				D411B8AF6AE390CBAF025414 /* Pods_SwipeHanjaAD.framework */,
			);
			name = Frameworks;
			sourceTree = "<group>";
		};
		68CEB7AEF3D59C4AD917EBCE /* Pods */ = {
			isa = PBXGroup;
			children = (
				4467F4CA9D9347B76AE7D8EC /* Pods-SwipeHanja.debug.xcconfig */,
				296394B1B2FF915B9F18FE34 /* Pods-SwipeHanja.release.xcconfig */,
				4F17F324A498737D263A7C74 /* Pods-SwipeHanjaAD.debug.xcconfig */,
				FD092547C7D444A757F2A055 /* Pods-SwipeHanjaAD.release.xcconfig */,
			);
			path = Pods;
			sourceTree = "<group>";
		};
		6A21AD8B2C0215C3004ACBC0 /* KanjiStrokeOrders_v4.004 */ = {
			isa = PBXGroup;
			children = (
				6A21AD8C2C0215DD004ACBC0 /* copyright.txt */,
				6A21AD8D2C0215DD004ACBC0 /* KanjiStrokeOrders_v4.004.ttf */,
				6A21AD8E2C0215DD004ACBC0 /* readme_en_v4.004.txt */,
			);
			path = KanjiStrokeOrders_v4.004;
			sourceTree = "<group>";
		};
		6A2310E42C2C6430008BFCBC /* Model */ = {
			isa = PBXGroup;
			children = (
				6A2310E52C2C6448008BFCBC /* FavoriteItem.swift */,
			);
			path = Model;
			sourceTree = "<group>";
		};
		6A64ABA92D2A974E00F801F9 /* AdPopUpScene */ = {
			isa = PBXGroup;
			children = (
				6A64ABAA2D2A97A400F801F9 /* AdPopUpVCViewController.swift */,
				6A64ABAB2D2A97A400F801F9 /* AdPopUpVCViewController.xib */,
			);
			path = AdPopUpScene;
			sourceTree = "<group>";
		};
		6A70A71E2C21C36800B2B4AB /* TabBar */ = {
			isa = PBXGroup;
			children = (
				6A70A7252C21C4F100B2B4AB /* MainTabBarController.swift */,
			);
			path = TabBar;
			sourceTree = "<group>";
		};
		6A70A72B2C21C74B00B2B4AB /* FavoritesScene */ = {
			isa = PBXGroup;
			children = (
				6A2310E42C2C6430008BFCBC /* Model */,
				6A2310E22C2C5C26008BFCBC /* FavoritesVM.swift */,
				6A70A72C2C21C78000B2B4AB /* FavoritesVC.swift */,
				6A70A72D2C21C78000B2B4AB /* FavoritesVC.xib */,
				6AE23B622C29A634009E8978 /* FavoritesStartLearningCell.swift */,
				6AE23B632C29A634009E8978 /* FavoritesStartLearningCell.xib */,
				6AE23B5E2C29A35F009E8978 /* FavoritesItemCell.swift */,
				6AE23B5F2C29A35F009E8978 /* FavoritesItemCell.xib */,
				6A2310EF2C38248F008BFCBC /* FavoritesSwipeVM.swift */,
				6A2310EB2C382488008BFCBC /* FavoritesSwipeVC.swift */,
				6A2310EC2C382488008BFCBC /* FavoritesSwipeVC.xib */,
			);
			path = FavoritesScene;
			sourceTree = "<group>";
		};
		6A788E872BD7EA6500B7ABDA /* DraggableCardView */ = {
			isa = PBXGroup;
			children = (
				6A788E862BD7EA6500B7ABDA /* DraggableCardView.swift */,
			);
			path = DraggableCardView;
			sourceTree = "<group>";
		};
		6A788E892BD7EA6500B7ABDA /* OverlayView */ = {
			isa = PBXGroup;
			children = (
				6A788E882BD7EA6500B7ABDA /* OverlayView.swift */,
			);
			path = OverlayView;
			sourceTree = "<group>";
		};
		6A788E8F2BD7EA6500B7ABDA /* KolodaView */ = {
			isa = PBXGroup;
			children = (
				6A788E872BD7EA6500B7ABDA /* DraggableCardView */,
				6A788E892BD7EA6500B7ABDA /* OverlayView */,
				6A788E8A2BD7EA6500B7ABDA /* KolodaAnimationSemaphore.swift */,
				6A788E8B2BD7EA6500B7ABDA /* KolodaCardStorage.swift */,
				6A788E8C2BD7EA6500B7ABDA /* KolodaView.swift */,
				6A788E8D2BD7EA6500B7ABDA /* KolodaViewAnimatior.swift */,
				6A788E8E2BD7EA6500B7ABDA /* SwipeResultDirection.swift */,
			);
			path = KolodaView;
			sourceTree = "<group>";
		};
		6AA126852BF5A10300B67424 /* WordListScene */ = {
			isa = PBXGroup;
			children = (
				6AA126862BF5A12A00B67424 /* WordListVC.swift */,
				6AA126872BF5A12A00B67424 /* WordListVC.xib */,
				6AA1268A2BF5A15200B67424 /* WordListItemCell.swift */,
				6AA1268B2BF5A15200B67424 /* WordListItemCell.xib */,
			);
			path = WordListScene;
			sourceTree = "<group>";
		};
		6AA331F52BD14E0100996EC5 = {
			isa = PBXGroup;
			children = (
				6AA332002BD14E0200996EC5 /* SwipeHanja */,
				6AB977E22D2835BA00497D96 /* SwipeHanjaAD */,
				6AA331FF2BD14E0200996EC5 /* Products */,
				68CEB7AEF3D59C4AD917EBCE /* Pods */,
				2033B6606F99C623BE24DC47 /* Frameworks */,
			);
			sourceTree = "<group>";
		};
		6AA331FF2BD14E0200996EC5 /* Products */ = {
			isa = PBXGroup;
			children = (
				6AA331FE2BD14E0200996EC5 /* SwipeHanja.app */,
				6AB977E02D28359200497D96 /* SwipeHanjaAD.app */,
			);
			name = Products;
			sourceTree = "<group>";
		};
		6AA332002BD14E0200996EC5 /* SwipeHanja */ = {
			isa = PBXGroup;
			children = (
				6AA3321B2BD152DC00996EC5 /* Model */,
				6AFD0BF92BE5962100F27BBE /* Common */,
				6A70A71E2C21C36800B2B4AB /* TabBar */,
				6AA332212BD15D3900996EC5 /* MainScene */,
				6A70A72B2C21C74B00B2B4AB /* FavoritesScene */,
				6AA332162BD14F7B00996EC5 /* SwipeCardScene */,
				6AA126852BF5A10300B67424 /* WordListScene */,
				6AC284062C3AE43E007BEFD1 /* SearchScene */,
				6AFD0BF62BE5927700F27BBE /* SettingsScene */,
				6A64ABA92D2A974E00F801F9 /* AdPopUpScene */,
				6AA3321E2BD1573800996EC5 /* Utility */,
				6AFD0BED2BE3DF5D00F27BBE /* Resource */,
				6AA332012BD14E0200996EC5 /* AppDelegate.swift */,
				6AA332032BD14E0200996EC5 /* SceneDelegate.swift */,
				6AA3320A2BD14E0200996EC5 /* Assets.xcassets */,
				6AA3320C2BD14E0200996EC5 /* LaunchScreen.storyboard */,
				6AA3320F2BD14E0200996EC5 /* Info.plist */,
				6AC2840B2C3D6BA6007BEFD1 /* remote_config_defaults.plist */,
				6A5C2D222BF8A553003E7CF6 /* GoogleService-Info.plist */,
				6A5C2D2B2BFA1E25003E7CF6 /* PrivacyInfo.xcprivacy */,
			);
			path = SwipeHanja;
			sourceTree = "<group>";
		};
		6AA332162BD14F7B00996EC5 /* SwipeCardScene */ = {
			isa = PBXGroup;
			children = (
				6A788E8F2BD7EA6500B7ABDA /* KolodaView */,
				6AFD0BE62BDA89CD00F27BBE /* SwipeCardVM.swift */,
				6AA332172BD14F8C00996EC5 /* SwipeCardVC.swift */,
				6AA332182BD14F8C00996EC5 /* SwipeCardVC.xib */,
				6A788E4A2BD17EF800B7ABDA /* CardItemComponentView.swift */,
				6A788E4B2BD17EF800B7ABDA /* CardItemComponentView.xib */,
				6A848B552D23C68400CB888D /* CardItemBackContentView.swift */,
				6A848B592D23C69800CB888D /* CardItemBackContentView.xib */,
				6A928E802C173A2D00894FD4 /* CardItemView.swift */,
				6A928E822C173A3C00894FD4 /* CardItemView.xib */,
				6AFD0C0C2BE93BEB00F27BBE /* SHOverlayView.swift */,
				6AFD0C0D2BE93BEB00F27BBE /* SHOverlayView.xib */,
				6A7E78AF2BF33FD40081F561 /* SwipeCardCompletionPopUpVC.swift */,
				6A7E78B02BF33FD40081F561 /* SwipeCardCompletionPopUpVC.xib */,
			);
			path = SwipeCardScene;
			sourceTree = "<group>";
		};
		6AA3321B2BD152DC00996EC5 /* Model */ = {
			isa = PBXGroup;
			children = (
				6AA3321C2BD1532000996EC5 /* CardItem.swift */,
				6A2310DA2C2B0D2A008BFCBC /* FavoriteData.swift */,
				6AFD0BE42BDA855400F27BBE /* CardPack.swift */,
				6AFD0C022BE7698C00F27BBE /* LearningStatus.swift */,
				6AFD0C062BE90AB700F27BBE /* CardSideType.swift */,
				6A21AD922C021AB8004ACBC0 /* FontType.swift */,
			);
			path = Model;
			sourceTree = "<group>";
		};
		6AA3321E2BD1573800996EC5 /* Utility */ = {
			isa = PBXGroup;
			children = (
				6A848B5B2D23C6CB00CB888D /* NibUIView.swift */,
				6AA3321F2BD1579B00996EC5 /* CommonUtility.swift */,
				6AFD0BFE2BE5979200F27BBE /* EmailHelper.swift */,
				6AFD0C042BE8F80E00F27BBE /* AlertHelper.swift */,
			);
			path = Utility;
			sourceTree = "<group>";
		};
		6AA332212BD15D3900996EC5 /* MainScene */ = {
			isa = PBXGroup;
			children = (
				6AA332052BD14E0200996EC5 /* MainVC.swift */,
				6A70A7292C21C5EA00B2B4AB /* MainVC.xib */,
				6AFD0BE92BE24EA300F27BBE /* MainVM.swift */,
				6AFD0BF22BE51BD800F27BBE /* CardPackItemCell.swift */,
				6AFD0BF32BE51BD800F27BBE /* CardPackItemCell.xib */,
			);
			path = MainScene;
			sourceTree = "<group>";
		};
		6AB977E22D2835BA00497D96 /* SwipeHanjaAD */ = {
			isa = PBXGroup;
			children = (
				6AA509B72D283D0B00ABED4B /* AdMobManager.swift */,
				6AB977E32D2835E700497D96 /* Info.plist */,
			);
			path = SwipeHanjaAD;
			sourceTree = "<group>";
		};
		6AC284062C3AE43E007BEFD1 /* SearchScene */ = {
			isa = PBXGroup;
			children = (
				6AC284072C3AE47E007BEFD1 /* SearchWebVC.swift */,
				6AC284082C3AE47E007BEFD1 /* SearchWebVC.xib */,
			);
			path = SearchScene;
			sourceTree = "<group>";
		};
		6AFD0BED2BE3DF5D00F27BBE /* Resource */ = {
			isa = PBXGroup;
			children = (
				6A0A8E542D18090E00E3F993 /* DBManager.swift */,
				6A21AD8B2C0215C3004ACBC0 /* KanjiStrokeOrders_v4.004 */,
				6A848B5D2D23C94C00CB888D /* Songti.ttc */,
				6A23F4CB2D22F5010001362B /* CardPacks_20241231.json */,
			);
			path = Resource;
			sourceTree = "<group>";
		};
		6AFD0BF62BE5927700F27BBE /* SettingsScene */ = {
			isa = PBXGroup;
			children = (
				6AFD0BF72BE5937E00F27BBE /* SettingsView.swift */,
			);
			path = SettingsScene;
			sourceTree = "<group>";
		};
		6AFD0BF92BE5962100F27BBE /* Common */ = {
			isa = PBXGroup;
			children = (
				6AFD0BFA2BE5963000F27BBE /* AppSetting.swift */,
				6AFD0BFC2BE5974F00F27BBE /* AppStatus.swift */,
			);
			path = Common;
			sourceTree = "<group>";
		};
/* End PBXGroup section */

/* Begin PBXNativeTarget section */
		6AA331FD2BD14E0200996EC5 /* SwipeHanja */ = {
			isa = PBXNativeTarget;
			buildConfigurationList = 6AA332122BD14E0200996EC5 /* Build configuration list for PBXNativeTarget "SwipeHanja" */;
			buildPhases = (
				F51F0FD0701A4B9440C7B059 /* [CP] Check Pods Manifest.lock */,
				6AA331FA2BD14E0200996EC5 /* Sources */,
				6AA331FB2BD14E0200996EC5 /* Frameworks */,
				6AA331FC2BD14E0200996EC5 /* Resources */,
				F2DCFEE8D3627A616B0E5377 /* [CP] Embed Pods Frameworks */,
				6A5C2D292BF8BF2D003E7CF6 /* Firebase crashlytics */,
			);
			buildRules = (
			);
			dependencies = (
			);
			name = SwipeHanja;
			productName = SwipeHanja;
			productReference = 6AA331FE2BD14E0200996EC5 /* SwipeHanja.app */;
			productType = "com.apple.product-type.application";
		};
		6AB9778F2D28359200497D96 /* SwipeHanjaAD */ = {
			isa = PBXNativeTarget;
			buildConfigurationList = 6AB977DD2D28359200497D96 /* Build configuration list for PBXNativeTarget "SwipeHanjaAD" */;
			buildPhases = (
				00B760547D8BC6A16EA7A6AE /* [CP] Check Pods Manifest.lock */,
				6AB977912D28359200497D96 /* Sources */,
				6AB977BE2D28359200497D96 /* Frameworks */,
				6AB977C02D28359200497D96 /* Resources */,
				8AFFAFD99706FCE6F15B8559 /* [CP] Embed Pods Frameworks */,
				4A39BE854C09159189612715 /* [CP] Copy Pods Resources */,
				6AB977DC2D28359200497D96 /* Firebase crashlytics */,
			);
			buildRules = (
			);
			dependencies = (
			);
			name = SwipeHanjaAD;
			productName = SwipeHanja;
			productReference = 6AB977E02D28359200497D96 /* SwipeHanjaAD.app */;
			productType = "com.apple.product-type.application";
		};
/* End PBXNativeTarget section */

/* Begin PBXProject section */
		6AA331F62BD14E0100996EC5 /* Project object */ = {
			isa = PBXProject;
			attributes = {
				BuildIndependentTargetsInParallel = 1;
				LastSwiftUpdateCheck = 1530;
				LastUpgradeCheck = 1530;
				TargetAttributes = {
					6AA331FD2BD14E0200996EC5 = {
						CreatedOnToolsVersion = 15.3;
					};
				};
			};
			buildConfigurationList = 6AA331F92BD14E0100996EC5 /* Build configuration list for PBXProject "SwipeHanja" */;
			compatibilityVersion = "Xcode 14.0";
			developmentRegion = ko;
			hasScannedForEncodings = 0;
			knownRegions = (
				en,
				Base,
				ko,
			);
			mainGroup = 6AA331F52BD14E0100996EC5;
			productRefGroup = 6AA331FF2BD14E0200996EC5 /* Products */;
			projectDirPath = "";
			projectRoot = "";
			targets = (
				6AA331FD2BD14E0200996EC5 /* SwipeHanja */,
				6AB9778F2D28359200497D96 /* SwipeHanjaAD */,
			);
		};
/* End PBXProject section */

/* Begin PBXResourcesBuildPhase section */
		6AA331FC2BD14E0200996EC5 /* Resources */ = {
			isa = PBXResourcesBuildPhase;
			buildActionMask = 2147483647;
			files = (
				6AA3320B2BD14E0200996EC5 /* Assets.xcassets in Resources */,
				6A23F4CC2D22F5010001362B /* CardPacks_20241231.json in Resources */,
				6AE23B612C29A35F009E8978 /* FavoritesItemCell.xib in Resources */,
				6A21AD8F2C0215DD004ACBC0 /* copyright.txt in Resources */,
				6AC2840C2C3D6BA6007BEFD1 /* remote_config_defaults.plist in Resources */,
				6AE23B652C29A634009E8978 /* FavoritesStartLearningCell.xib in Resources */,
				6A848B5A2D23C69800CB888D /* CardItemBackContentView.xib in Resources */,
				6A7E78B22BF33FD40081F561 /* SwipeCardCompletionPopUpVC.xib in Resources */,
				6A5C2D2C2BFA1E25003E7CF6 /* PrivacyInfo.xcprivacy in Resources */,
				6A70A72F2C21C78000B2B4AB /* FavoritesVC.xib in Resources */,
				6A0A8E552D18091100E3F993 /* DBManager.swift in Resources */,
				6A788E4D2BD17EF800B7ABDA /* CardItemComponentView.xib in Resources */,
				6AA1268D2BF5A15200B67424 /* WordListItemCell.xib in Resources */,
				6A848B5E2D23C94C00CB888D /* Songti.ttc in Resources */,
				6A5C2D232BF8A553003E7CF6 /* GoogleService-Info.plist in Resources */,
				6AA126892BF5A12A00B67424 /* WordListVC.xib in Resources */,
				6A70A72A2C21C5EA00B2B4AB /* MainVC.xib in Resources */,
				6AC2840A2C3AE47E007BEFD1 /* SearchWebVC.xib in Resources */,
				6AA3320E2BD14E0200996EC5 /* Base in Resources */,
				6A928E832C173A3C00894FD4 /* CardItemView.xib in Resources */,
				6A64ABAF2D2A97A400F801F9 /* AdPopUpVCViewController.xib in Resources */,
				6AFD0BF52BE51BD800F27BBE /* CardPackItemCell.xib in Resources */,
				6AFD0C0F2BE93BEB00F27BBE /* SHOverlayView.xib in Resources */,
				6A2310EE2C382488008BFCBC /* FavoritesSwipeVC.xib in Resources */,
				6A21AD902C0215DD004ACBC0 /* KanjiStrokeOrders_v4.004.ttf in Resources */,
				6A21AD912C0215DD004ACBC0 /* readme_en_v4.004.txt in Resources */,
				6AA3321A2BD14F8C00996EC5 /* SwipeCardVC.xib in Resources */,
			);
			runOnlyForDeploymentPostprocessing = 0;
		};
		6AB977C02D28359200497D96 /* Resources */ = {
			isa = PBXResourcesBuildPhase;
			buildActionMask = 2147483647;
			files = (
				6AB977C12D28359200497D96 /* Assets.xcassets in Resources */,
				6AB977C22D28359200497D96 /* CardPacks_20241231.json in Resources */,
				6AB977C32D28359200497D96 /* FavoritesItemCell.xib in Resources */,
				6AB977C42D28359200497D96 /* copyright.txt in Resources */,
				6AB977C52D28359200497D96 /* remote_config_defaults.plist in Resources */,
				6AB977C62D28359200497D96 /* FavoritesStartLearningCell.xib in Resources */,
				6AB977C72D28359200497D96 /* CardItemBackContentView.xib in Resources */,
				6AB977C82D28359200497D96 /* SwipeCardCompletionPopUpVC.xib in Resources */,
				6AB977C92D28359200497D96 /* PrivacyInfo.xcprivacy in Resources */,
				6AB977CA2D28359200497D96 /* FavoritesVC.xib in Resources */,
				6AB977CB2D28359200497D96 /* DBManager.swift in Resources */,
				6AB977CC2D28359200497D96 /* CardItemComponentView.xib in Resources */,
				6AB977CD2D28359200497D96 /* WordListItemCell.xib in Resources */,
				6AB977CE2D28359200497D96 /* Songti.ttc in Resources */,
				6AB977CF2D28359200497D96 /* GoogleService-Info.plist in Resources */,
				6AB977D02D28359200497D96 /* WordListVC.xib in Resources */,
				6AB977D12D28359200497D96 /* MainVC.xib in Resources */,
				6AB977D22D28359200497D96 /* SearchWebVC.xib in Resources */,
				6AB977D32D28359200497D96 /* Base in Resources */,
				6AB977D42D28359200497D96 /* CardItemView.xib in Resources */,
				6A64ABAD2D2A97A400F801F9 /* AdPopUpVCViewController.xib in Resources */,
				6AB977D52D28359200497D96 /* CardPackItemCell.xib in Resources */,
				6AB977D62D28359200497D96 /* SHOverlayView.xib in Resources */,
				6AB977D72D28359200497D96 /* FavoritesSwipeVC.xib in Resources */,
				6AB977D82D28359200497D96 /* KanjiStrokeOrders_v4.004.ttf in Resources */,
				6AB977D92D28359200497D96 /* readme_en_v4.004.txt in Resources */,
				6AB977DA2D28359200497D96 /* SwipeCardVC.xib in Resources */,
			);
			runOnlyForDeploymentPostprocessing = 0;
		};
/* End PBXResourcesBuildPhase section */

/* Begin PBXShellScriptBuildPhase section */
		00B760547D8BC6A16EA7A6AE /* [CP] Check Pods Manifest.lock */ = {
			isa = PBXShellScriptBuildPhase;
			buildActionMask = 2147483647;
			files = (
			);
			inputFileListPaths = (
			);
			inputPaths = (
				"${PODS_PODFILE_DIR_PATH}/Podfile.lock",
				"${PODS_ROOT}/Manifest.lock",
			);
			name = "[CP] Check Pods Manifest.lock";
			outputFileListPaths = (
			);
			outputPaths = (
				"$(DERIVED_FILE_DIR)/Pods-SwipeHanjaAD-checkManifestLockResult.txt",
			);
			runOnlyForDeploymentPostprocessing = 0;
			shellPath = /bin/sh;
			shellScript = "diff \"${PODS_PODFILE_DIR_PATH}/Podfile.lock\" \"${PODS_ROOT}/Manifest.lock\" > /dev/null\nif [ $? != 0 ] ; then\n    # print error to STDERR\n    echo \"error: The sandbox is not in sync with the Podfile.lock. Run 'pod install' or update your CocoaPods installation.\" >&2\n    exit 1\nfi\n# This output is used by Xcode 'outputs' to avoid re-running this script phase.\necho \"SUCCESS\" > \"${SCRIPT_OUTPUT_FILE_0}\"\n";
			showEnvVarsInLog = 0;
		};
		4A39BE854C09159189612715 /* [CP] Copy Pods Resources */ = {
			isa = PBXShellScriptBuildPhase;
			buildActionMask = 2147483647;
			files = (
			);
			inputFileListPaths = (
				"${PODS_ROOT}/Target Support Files/Pods-SwipeHanjaAD/Pods-SwipeHanjaAD-resources-${CONFIGURATION}-input-files.xcfilelist",
			);
			name = "[CP] Copy Pods Resources";
			outputFileListPaths = (
				"${PODS_ROOT}/Target Support Files/Pods-SwipeHanjaAD/Pods-SwipeHanjaAD-resources-${CONFIGURATION}-output-files.xcfilelist",
			);
			runOnlyForDeploymentPostprocessing = 0;
			shellPath = /bin/sh;
			shellScript = "\"${PODS_ROOT}/Target Support Files/Pods-SwipeHanjaAD/Pods-SwipeHanjaAD-resources.sh\"\n";
			showEnvVarsInLog = 0;
		};
		6A5C2D292BF8BF2D003E7CF6 /* Firebase crashlytics */ = {
			isa = PBXShellScriptBuildPhase;
			buildActionMask = 2147483647;
			files = (
			);
			inputFileListPaths = (
			);
			inputPaths = (
				"${DWARF_DSYM_FOLDER_PATH}/${DWARF_DSYM_FILE_NAME}",
				"${DWARF_DSYM_FOLDER_PATH}/${DWARF_DSYM_FILE_NAME}/Contents/Resources/DWARF/${PRODUCT_NAME}",
				"${DWARF_DSYM_FOLDER_PATH}/${DWARF_DSYM_FILE_NAME}/Contents/Info.plist",
				"$(TARGET_BUILD_DIR)/$(UNLOCALIZED_RESOURCES_FOLDER_PATH)/GoogleService-Info.plist",
				"$(TARGET_BUILD_DIR)/$(EXECUTABLE_PATH)",
			);
			name = "Firebase crashlytics";
			outputFileListPaths = (
			);
			outputPaths = (
			);
			runOnlyForDeploymentPostprocessing = 0;
			shellPath = /bin/sh;
			shellScript = "if [ \"${CONFIGURATION}\" != \"Debug\" ]; then\n    \"${PODS_ROOT}/FirebaseCrashlytics/run\"\nfi\n";
		};
		6AB977DC2D28359200497D96 /* Firebase crashlytics */ = {
			isa = PBXShellScriptBuildPhase;
			buildActionMask = 2147483647;
			files = (
			);
			inputFileListPaths = (
			);
			inputPaths = (
				"${DWARF_DSYM_FOLDER_PATH}/${DWARF_DSYM_FILE_NAME}",
				"${DWARF_DSYM_FOLDER_PATH}/${DWARF_DSYM_FILE_NAME}/Contents/Resources/DWARF/${PRODUCT_NAME}",
				"${DWARF_DSYM_FOLDER_PATH}/${DWARF_DSYM_FILE_NAME}/Contents/Info.plist",
				"$(TARGET_BUILD_DIR)/$(UNLOCALIZED_RESOURCES_FOLDER_PATH)/GoogleService-Info.plist",
				"$(TARGET_BUILD_DIR)/$(EXECUTABLE_PATH)",
			);
			name = "Firebase crashlytics";
			outputFileListPaths = (
			);
			outputPaths = (
			);
			runOnlyForDeploymentPostprocessing = 0;
			shellPath = /bin/sh;
			shellScript = "if [ \"${CONFIGURATION}\" != \"Debug\" ]; then\n    \"${PODS_ROOT}/FirebaseCrashlytics/run\"\nfi\n";
		};
		8AFFAFD99706FCE6F15B8559 /* [CP] Embed Pods Frameworks */ = {
			isa = PBXShellScriptBuildPhase;
			buildActionMask = 2147483647;
			files = (
			);
			inputFileListPaths = (
				"${PODS_ROOT}/Target Support Files/Pods-SwipeHanjaAD/Pods-SwipeHanjaAD-frameworks-${CONFIGURATION}-input-files.xcfilelist",
			);
			name = "[CP] Embed Pods Frameworks";
			outputFileListPaths = (
				"${PODS_ROOT}/Target Support Files/Pods-SwipeHanjaAD/Pods-SwipeHanjaAD-frameworks-${CONFIGURATION}-output-files.xcfilelist",
			);
			runOnlyForDeploymentPostprocessing = 0;
			shellPath = /bin/sh;
			shellScript = "\"${PODS_ROOT}/Target Support Files/Pods-SwipeHanjaAD/Pods-SwipeHanjaAD-frameworks.sh\"\n";
			showEnvVarsInLog = 0;
		};
		F2DCFEE8D3627A616B0E5377 /* [CP] Embed Pods Frameworks */ = {
			isa = PBXShellScriptBuildPhase;
			buildActionMask = 2147483647;
			files = (
			);
			inputFileListPaths = (
				"${PODS_ROOT}/Target Support Files/Pods-SwipeHanja/Pods-SwipeHanja-frameworks-${CONFIGURATION}-input-files.xcfilelist",
			);
			name = "[CP] Embed Pods Frameworks";
			outputFileListPaths = (
				"${PODS_ROOT}/Target Support Files/Pods-SwipeHanja/Pods-SwipeHanja-frameworks-${CONFIGURATION}-output-files.xcfilelist",
			);
			runOnlyForDeploymentPostprocessing = 0;
			shellPath = /bin/sh;
			shellScript = "\"${PODS_ROOT}/Target Support Files/Pods-SwipeHanja/Pods-SwipeHanja-frameworks.sh\"\n";
			showEnvVarsInLog = 0;
		};
		F51F0FD0701A4B9440C7B059 /* [CP] Check Pods Manifest.lock */ = {
			isa = PBXShellScriptBuildPhase;
			buildActionMask = 2147483647;
			files = (
			);
			inputFileListPaths = (
			);
			inputPaths = (
				"${PODS_PODFILE_DIR_PATH}/Podfile.lock",
				"${PODS_ROOT}/Manifest.lock",
			);
			name = "[CP] Check Pods Manifest.lock";
			outputFileListPaths = (
			);
			outputPaths = (
				"$(DERIVED_FILE_DIR)/Pods-SwipeHanja-checkManifestLockResult.txt",
			);
			runOnlyForDeploymentPostprocessing = 0;
			shellPath = /bin/sh;
			shellScript = "diff \"${PODS_PODFILE_DIR_PATH}/Podfile.lock\" \"${PODS_ROOT}/Manifest.lock\" > /dev/null\nif [ $? != 0 ] ; then\n    # print error to STDERR\n    echo \"error: The sandbox is not in sync with the Podfile.lock. Run 'pod install' or update your CocoaPods installation.\" >&2\n    exit 1\nfi\n# This output is used by Xcode 'outputs' to avoid re-running this script phase.\necho \"SUCCESS\" > \"${SCRIPT_OUTPUT_FILE_0}\"\n";
			showEnvVarsInLog = 0;
		};
/* End PBXShellScriptBuildPhase section */

/* Begin PBXSourcesBuildPhase section */
		6AA331FA2BD14E0200996EC5 /* Sources */ = {
			isa = PBXSourcesBuildPhase;
			buildActionMask = 2147483647;
			files = (
				6A848B542D23A58F00CB888D /* DBManager.swift in Sources */,
				6A788E912BD7EA6500B7ABDA /* OverlayView.swift in Sources */,
				6A788E952BD7EA6500B7ABDA /* KolodaViewAnimatior.swift in Sources */,
				6A70A7272C21C4F100B2B4AB /* MainTabBarController.swift in Sources */,
				6AFD0BFB2BE5963000F27BBE /* AppSetting.swift in Sources */,
				6AFD0C052BE8F80E00F27BBE /* AlertHelper.swift in Sources */,
				6A848B562D23C68400CB888D /* CardItemBackContentView.swift in Sources */,
				6AFD0BE52BDA855400F27BBE /* CardPack.swift in Sources */,
				6A70A72E2C21C78000B2B4AB /* FavoritesVC.swift in Sources */,
				6A2310F02C38248F008BFCBC /* FavoritesSwipeVM.swift in Sources */,
				6A788E902BD7EA6500B7ABDA /* DraggableCardView.swift in Sources */,
				6A928E812C173A2D00894FD4 /* CardItemView.swift in Sources */,
				6A2310DB2C2B0D2A008BFCBC /* FavoriteData.swift in Sources */,
				6A788E962BD7EA6500B7ABDA /* SwipeResultDirection.swift in Sources */,
				6AFD0BF82BE5937E00F27BBE /* SettingsView.swift in Sources */,
				6AA332062BD14E0200996EC5 /* MainVC.swift in Sources */,
				6AE23B602C29A35F009E8978 /* FavoritesItemCell.swift in Sources */,
				6A7E78B12BF33FD40081F561 /* SwipeCardCompletionPopUpVC.swift in Sources */,
				6AA1268C2BF5A15200B67424 /* WordListItemCell.swift in Sources */,
				6A788E4C2BD17EF800B7ABDA /* CardItemComponentView.swift in Sources */,
				6AFD0BE72BDA89CD00F27BBE /* SwipeCardVM.swift in Sources */,
				6AC284092C3AE47E007BEFD1 /* SearchWebVC.swift in Sources */,
				6AA332022BD14E0200996EC5 /* AppDelegate.swift in Sources */,
				6AFD0C0E2BE93BEB00F27BBE /* SHOverlayView.swift in Sources */,
				6AFD0C032BE7698C00F27BBE /* LearningStatus.swift in Sources */,
				6AA3321D2BD1532000996EC5 /* CardItem.swift in Sources */,
				6AA332202BD1579B00996EC5 /* CommonUtility.swift in Sources */,
				6A21AD932C021AB8004ACBC0 /* FontType.swift in Sources */,
				6A2310ED2C382488008BFCBC /* FavoritesSwipeVC.swift in Sources */,
				6AA332042BD14E0200996EC5 /* SceneDelegate.swift in Sources */,
				6A2310E32C2C5C26008BFCBC /* FavoritesVM.swift in Sources */,
				6AFD0BEA2BE24EA300F27BBE /* MainVM.swift in Sources */,
				6A788E942BD7EA6500B7ABDA /* KolodaView.swift in Sources */,
				6AA126882BF5A12A00B67424 /* WordListVC.swift in Sources */,
				6AE23B642C29A634009E8978 /* FavoritesStartLearningCell.swift in Sources */,
				6AFD0BFD2BE5974F00F27BBE /* AppStatus.swift in Sources */,
				6A64ABAE2D2A97A400F801F9 /* AdPopUpVCViewController.swift in Sources */,
				6A848B5C2D23C6D000CB888D /* NibUIView.swift in Sources */,
				6A788E932BD7EA6500B7ABDA /* KolodaCardStorage.swift in Sources */,
				6AA332192BD14F8C00996EC5 /* SwipeCardVC.swift in Sources */,
				6AFD0C072BE90AB700F27BBE /* CardSideType.swift in Sources */,
				6AFD0BFF2BE5979200F27BBE /* EmailHelper.swift in Sources */,
				6AFD0BF42BE51BD800F27BBE /* CardPackItemCell.swift in Sources */,
				6A2310E62C2C6448008BFCBC /* FavoriteItem.swift in Sources */,
				6A788E922BD7EA6500B7ABDA /* KolodaAnimationSemaphore.swift in Sources */,
			);
			runOnlyForDeploymentPostprocessing = 0;
		};
		6AB977912D28359200497D96 /* Sources */ = {
			isa = PBXSourcesBuildPhase;
			buildActionMask = 2147483647;
			files = (
				6AB977922D28359200497D96 /* DBManager.swift in Sources */,
				6AA509B92D283D3300ABED4B /* AdMobManager.swift in Sources */,
				6AB977932D28359200497D96 /* OverlayView.swift in Sources */,
				6AB977942D28359200497D96 /* KolodaViewAnimatior.swift in Sources */,
				6AB977952D28359200497D96 /* MainTabBarController.swift in Sources */,
				6AB977962D28359200497D96 /* AppSetting.swift in Sources */,
				6AB977972D28359200497D96 /* AlertHelper.swift in Sources */,
				6AB977982D28359200497D96 /* CardItemBackContentView.swift in Sources */,
				6AB977992D28359200497D96 /* CardPack.swift in Sources */,
				6AB9779A2D28359200497D96 /* FavoritesVC.swift in Sources */,
				6AB9779B2D28359200497D96 /* FavoritesSwipeVM.swift in Sources */,
				6AB9779C2D28359200497D96 /* DraggableCardView.swift in Sources */,
				6AB9779D2D28359200497D96 /* CardItemView.swift in Sources */,
				6A64ABAC2D2A97A400F801F9 /* AdPopUpVCViewController.swift in Sources */,
				6AB9779E2D28359200497D96 /* FavoriteData.swift in Sources */,
				6AB9779F2D28359200497D96 /* SwipeResultDirection.swift in Sources */,
				6AB977A02D28359200497D96 /* SettingsView.swift in Sources */,
				6AB977A12D28359200497D96 /* MainVC.swift in Sources */,
				6AB977A22D28359200497D96 /* FavoritesItemCell.swift in Sources */,
				6AB977A32D28359200497D96 /* SwipeCardCompletionPopUpVC.swift in Sources */,
				6AB977A42D28359200497D96 /* WordListItemCell.swift in Sources */,
				6AB977A52D28359200497D96 /* CardItemComponentView.swift in Sources */,
				6AB977A62D28359200497D96 /* SwipeCardVM.swift in Sources */,
				6AB977A72D28359200497D96 /* SearchWebVC.swift in Sources */,
				6AB977A82D28359200497D96 /* AppDelegate.swift in Sources */,
				6AB977A92D28359200497D96 /* SHOverlayView.swift in Sources */,
				6AB977AA2D28359200497D96 /* LearningStatus.swift in Sources */,
				6AB977AB2D28359200497D96 /* CardItem.swift in Sources */,
				6AB977AC2D28359200497D96 /* CommonUtility.swift in Sources */,
				6AB977AD2D28359200497D96 /* FontType.swift in Sources */,
				6AB977AE2D28359200497D96 /* FavoritesSwipeVC.swift in Sources */,
				6AB977AF2D28359200497D96 /* SceneDelegate.swift in Sources */,
				6AB977B02D28359200497D96 /* FavoritesVM.swift in Sources */,
				6AB977B12D28359200497D96 /* MainVM.swift in Sources */,
				6AB977B22D28359200497D96 /* KolodaView.swift in Sources */,
				6AB977B32D28359200497D96 /* WordListVC.swift in Sources */,
				6AB977B42D28359200497D96 /* FavoritesStartLearningCell.swift in Sources */,
				6AB977B52D28359200497D96 /* AppStatus.swift in Sources */,
				6AB977B62D28359200497D96 /* NibUIView.swift in Sources */,
				6AB977B72D28359200497D96 /* KolodaCardStorage.swift in Sources */,
				6AB977B82D28359200497D96 /* SwipeCardVC.swift in Sources */,
				6AB977B92D28359200497D96 /* CardSideType.swift in Sources */,
				6AB977BA2D28359200497D96 /* EmailHelper.swift in Sources */,
				6AB977BB2D28359200497D96 /* CardPackItemCell.swift in Sources */,
				6AB977BC2D28359200497D96 /* FavoriteItem.swift in Sources */,
				6AB977BD2D28359200497D96 /* KolodaAnimationSemaphore.swift in Sources */,
			);
			runOnlyForDeploymentPostprocessing = 0;
		};
/* End PBXSourcesBuildPhase section */

/* Begin PBXVariantGroup section */
		6AA3320C2BD14E0200996EC5 /* LaunchScreen.storyboard */ = {
			isa = PBXVariantGroup;
			children = (
				6AA3320D2BD14E0200996EC5 /* Base */,
				6A5C2D212BF8A2C1003E7CF6 /* ko */,
			);
			name = LaunchScreen.storyboard;
			sourceTree = "<group>";
		};
/* End PBXVariantGroup section */

/* Begin XCBuildConfiguration section */
		6AA332102BD14E0200996EC5 /* Debug */ = {
			isa = XCBuildConfiguration;
			buildSettings = {
				ALWAYS_SEARCH_USER_PATHS = NO;
				ASSETCATALOG_COMPILER_GENERATE_SWIFT_ASSET_SYMBOL_EXTENSIONS = YES;
				CLANG_ANALYZER_LOCALIZABILITY_NONLOCALIZED = YES;
				CLANG_ANALYZER_NONNULL = YES;
				CLANG_ANALYZER_NUMBER_OBJECT_CONVERSION = YES_AGGRESSIVE;
				CLANG_CXX_LANGUAGE_STANDARD = "gnu++20";
				CLANG_ENABLE_MODULES = YES;
				CLANG_ENABLE_OBJC_ARC = YES;
				CLANG_ENABLE_OBJC_WEAK = YES;
				CLANG_WARN_BLOCK_CAPTURE_AUTORELEASING = YES;
				CLANG_WARN_BOOL_CONVERSION = YES;
				CLANG_WARN_COMMA = YES;
				CLANG_WARN_CONSTANT_CONVERSION = YES;
				CLANG_WARN_DEPRECATED_OBJC_IMPLEMENTATIONS = YES;
				CLANG_WARN_DIRECT_OBJC_ISA_USAGE = YES_ERROR;
				CLANG_WARN_DOCUMENTATION_COMMENTS = YES;
				CLANG_WARN_EMPTY_BODY = YES;
				CLANG_WARN_ENUM_CONVERSION = YES;
				CLANG_WARN_INFINITE_RECURSION = YES;
				CLANG_WARN_INT_CONVERSION = YES;
				CLANG_WARN_NON_LITERAL_NULL_CONVERSION = YES;
				CLANG_WARN_OBJC_IMPLICIT_RETAIN_SELF = YES;
				CLANG_WARN_OBJC_LITERAL_CONVERSION = YES;
				CLANG_WARN_OBJC_ROOT_CLASS = YES_ERROR;
				CLANG_WARN_QUOTED_INCLUDE_IN_FRAMEWORK_HEADER = YES;
				CLANG_WARN_RANGE_LOOP_ANALYSIS = YES;
				CLANG_WARN_STRICT_PROTOTYPES = YES;
				CLANG_WARN_SUSPICIOUS_MOVE = YES;
				CLANG_WARN_UNGUARDED_AVAILABILITY = YES_AGGRESSIVE;
				CLANG_WARN_UNREACHABLE_CODE = YES;
				CLANG_WARN__DUPLICATE_METHOD_MATCH = YES;
				COPY_PHASE_STRIP = NO;
				DEBUG_INFORMATION_FORMAT = dwarf;
				ENABLE_STRICT_OBJC_MSGSEND = YES;
				ENABLE_TESTABILITY = YES;
				ENABLE_USER_SCRIPT_SANDBOXING = YES;
				GCC_C_LANGUAGE_STANDARD = gnu17;
				GCC_DYNAMIC_NO_PIC = NO;
				GCC_NO_COMMON_BLOCKS = YES;
				GCC_OPTIMIZATION_LEVEL = 0;
				GCC_PREPROCESSOR_DEFINITIONS = (
					"DEBUG=1",
					"$(inherited)",
				);
				GCC_WARN_64_TO_32_BIT_CONVERSION = YES;
				GCC_WARN_ABOUT_RETURN_TYPE = YES_ERROR;
				GCC_WARN_UNDECLARED_SELECTOR = YES;
				GCC_WARN_UNINITIALIZED_AUTOS = YES_AGGRESSIVE;
				GCC_WARN_UNUSED_FUNCTION = YES;
				GCC_WARN_UNUSED_VARIABLE = YES;
				IPHONEOS_DEPLOYMENT_TARGET = 15.0;
				LOCALIZATION_PREFERS_STRING_CATALOGS = YES;
				MTL_ENABLE_DEBUG_INFO = INCLUDE_SOURCE;
				MTL_FAST_MATH = YES;
				ONLY_ACTIVE_ARCH = YES;
				SDKROOT = iphoneos;
				SWIFT_ACTIVE_COMPILATION_CONDITIONS = "DEBUG $(inherited)";
				SWIFT_OPTIMIZATION_LEVEL = "-Onone";
			};
			name = Debug;
		};
		6AA332112BD14E0200996EC5 /* Release */ = {
			isa = XCBuildConfiguration;
			buildSettings = {
				ALWAYS_SEARCH_USER_PATHS = NO;
				ASSETCATALOG_COMPILER_GENERATE_SWIFT_ASSET_SYMBOL_EXTENSIONS = YES;
				CLANG_ANALYZER_LOCALIZABILITY_NONLOCALIZED = YES;
				CLANG_ANALYZER_NONNULL = YES;
				CLANG_ANALYZER_NUMBER_OBJECT_CONVERSION = YES_AGGRESSIVE;
				CLANG_CXX_LANGUAGE_STANDARD = "gnu++20";
				CLANG_ENABLE_MODULES = YES;
				CLANG_ENABLE_OBJC_ARC = YES;
				CLANG_ENABLE_OBJC_WEAK = YES;
				CLANG_WARN_BLOCK_CAPTURE_AUTORELEASING = YES;
				CLANG_WARN_BOOL_CONVERSION = YES;
				CLANG_WARN_COMMA = YES;
				CLANG_WARN_CONSTANT_CONVERSION = YES;
				CLANG_WARN_DEPRECATED_OBJC_IMPLEMENTATIONS = YES;
				CLANG_WARN_DIRECT_OBJC_ISA_USAGE = YES_ERROR;
				CLANG_WARN_DOCUMENTATION_COMMENTS = YES;
				CLANG_WARN_EMPTY_BODY = YES;
				CLANG_WARN_ENUM_CONVERSION = YES;
				CLANG_WARN_INFINITE_RECURSION = YES;
				CLANG_WARN_INT_CONVERSION = YES;
				CLANG_WARN_NON_LITERAL_NULL_CONVERSION = YES;
				CLANG_WARN_OBJC_IMPLICIT_RETAIN_SELF = YES;
				CLANG_WARN_OBJC_LITERAL_CONVERSION = YES;
				CLANG_WARN_OBJC_ROOT_CLASS = YES_ERROR;
				CLANG_WARN_QUOTED_INCLUDE_IN_FRAMEWORK_HEADER = YES;
				CLANG_WARN_RANGE_LOOP_ANALYSIS = YES;
				CLANG_WARN_STRICT_PROTOTYPES = YES;
				CLANG_WARN_SUSPICIOUS_MOVE = YES;
				CLANG_WARN_UNGUARDED_AVAILABILITY = YES_AGGRESSIVE;
				CLANG_WARN_UNREACHABLE_CODE = YES;
				CLANG_WARN__DUPLICATE_METHOD_MATCH = YES;
				COPY_PHASE_STRIP = NO;
				DEBUG_INFORMATION_FORMAT = "dwarf-with-dsym";
				ENABLE_NS_ASSERTIONS = NO;
				ENABLE_STRICT_OBJC_MSGSEND = YES;
				ENABLE_USER_SCRIPT_SANDBOXING = YES;
				GCC_C_LANGUAGE_STANDARD = gnu17;
				GCC_NO_COMMON_BLOCKS = YES;
				GCC_WARN_64_TO_32_BIT_CONVERSION = YES;
				GCC_WARN_ABOUT_RETURN_TYPE = YES_ERROR;
				GCC_WARN_UNDECLARED_SELECTOR = YES;
				GCC_WARN_UNINITIALIZED_AUTOS = YES_AGGRESSIVE;
				GCC_WARN_UNUSED_FUNCTION = YES;
				GCC_WARN_UNUSED_VARIABLE = YES;
				IPHONEOS_DEPLOYMENT_TARGET = 15.0;
				LOCALIZATION_PREFERS_STRING_CATALOGS = YES;
				MTL_ENABLE_DEBUG_INFO = NO;
				MTL_FAST_MATH = YES;
				SDKROOT = iphoneos;
				SWIFT_COMPILATION_MODE = wholemodule;
				VALIDATE_PRODUCT = YES;
			};
			name = Release;
		};
		6AA332132BD14E0200996EC5 /* Debug */ = {
			isa = XCBuildConfiguration;
			baseConfigurationReference = 4467F4CA9D9347B76AE7D8EC /* Pods-SwipeHanja.debug.xcconfig */;
			buildSettings = {
				ASSETCATALOG_COMPILER_APPICON_NAME = AppIcon;
				ASSETCATALOG_COMPILER_GLOBAL_ACCENT_COLOR_NAME = AccentColor;
				CODE_SIGN_STYLE = Automatic;
				CURRENT_PROJECT_VERSION = 1;
				DEBUG_INFORMATION_FORMAT = dwarf;
				DEVELOPMENT_TEAM = WRMZ68J9BN;
				ENABLE_USER_SCRIPT_SANDBOXING = NO;
				GENERATE_INFOPLIST_FILE = YES;
				INFOPLIST_FILE = SwipeHanja/Info.plist;
				INFOPLIST_KEY_CFBundleDisplayName = "Swipe! 상공한자";
				INFOPLIST_KEY_UIApplicationSupportsIndirectInputEvents = YES;
				INFOPLIST_KEY_UILaunchStoryboardName = LaunchScreen;
				INFOPLIST_KEY_UISupportedInterfaceOrientations = "UIInterfaceOrientationPortrait UIInterfaceOrientationPortraitUpsideDown";
				INFOPLIST_KEY_UISupportedInterfaceOrientations_iPad = "UIInterfaceOrientationLandscapeLeft UIInterfaceOrientationLandscapeRight UIInterfaceOrientationPortrait UIInterfaceOrientationPortraitUpsideDown";
				IPHONEOS_DEPLOYMENT_TARGET = 15.0;
				LD_RUNPATH_SEARCH_PATHS = (
					"$(inherited)",
					"@executable_path/Frameworks",
				);
				MARKETING_VERSION = 1.5.0;
				PRODUCT_BUNDLE_IDENTIFIER = com.wgyang.swipeSangGongHanja;
				PRODUCT_NAME = "$(TARGET_NAME)";
				SUPPORTED_PLATFORMS = "iphoneos iphonesimulator";
				SUPPORTS_MACCATALYST = NO;
				SUPPORTS_MAC_DESIGNED_FOR_IPHONE_IPAD = NO;
				SUPPORTS_XR_DESIGNED_FOR_IPHONE_IPAD = NO;
				SWIFT_EMIT_LOC_STRINGS = YES;
				SWIFT_VERSION = 5.0;
				TARGETED_DEVICE_FAMILY = 1;
			};
			name = Debug;
		};
		6AA332142BD14E0200996EC5 /* Release */ = {
			isa = XCBuildConfiguration;
			baseConfigurationReference = 296394B1B2FF915B9F18FE34 /* Pods-SwipeHanja.release.xcconfig */;
			buildSettings = {
				ASSETCATALOG_COMPILER_APPICON_NAME = AppIcon;
				ASSETCATALOG_COMPILER_GLOBAL_ACCENT_COLOR_NAME = AccentColor;
				CODE_SIGN_STYLE = Automatic;
				CURRENT_PROJECT_VERSION = 1;
				DEVELOPMENT_TEAM = WRMZ68J9BN;
				ENABLE_USER_SCRIPT_SANDBOXING = NO;
				GENERATE_INFOPLIST_FILE = YES;
				INFOPLIST_FILE = SwipeHanja/Info.plist;
				INFOPLIST_KEY_CFBundleDisplayName = "Swipe! 상공한자";
				INFOPLIST_KEY_UIApplicationSupportsIndirectInputEvents = YES;
				INFOPLIST_KEY_UILaunchStoryboardName = LaunchScreen;
				INFOPLIST_KEY_UISupportedInterfaceOrientations = "UIInterfaceOrientationPortrait UIInterfaceOrientationPortraitUpsideDown";
				INFOPLIST_KEY_UISupportedInterfaceOrientations_iPad = "UIInterfaceOrientationLandscapeLeft UIInterfaceOrientationLandscapeRight UIInterfaceOrientationPortrait UIInterfaceOrientationPortraitUpsideDown";
				IPHONEOS_DEPLOYMENT_TARGET = 15.0;
				LD_RUNPATH_SEARCH_PATHS = (
					"$(inherited)",
					"@executable_path/Frameworks",
				);
				MARKETING_VERSION = 1.5.0;
				PRODUCT_BUNDLE_IDENTIFIER = com.wgyang.swipeSangGongHanja;
				PRODUCT_NAME = "$(TARGET_NAME)";
				SUPPORTED_PLATFORMS = "iphoneos iphonesimulator";
				SUPPORTS_MACCATALYST = NO;
				SUPPORTS_MAC_DESIGNED_FOR_IPHONE_IPAD = NO;
				SUPPORTS_XR_DESIGNED_FOR_IPHONE_IPAD = NO;
				SWIFT_EMIT_LOC_STRINGS = YES;
				SWIFT_VERSION = 5.0;
				TARGETED_DEVICE_FAMILY = 1;
			};
			name = Release;
		};
		6AB977DE2D28359200497D96 /* Debug */ = {
			isa = XCBuildConfiguration;
			baseConfigurationReference = 4F17F324A498737D263A7C74 /* Pods-SwipeHanjaAD.debug.xcconfig */;
			buildSettings = {
				ASSETCATALOG_COMPILER_APPICON_NAME = AppIcon;
				ASSETCATALOG_COMPILER_GLOBAL_ACCENT_COLOR_NAME = AccentColor;
				CODE_SIGN_STYLE = Automatic;
				CURRENT_PROJECT_VERSION = 1;
				DEBUG_INFORMATION_FORMAT = dwarf;
				DEVELOPMENT_TEAM = WRMZ68J9BN;
				ENABLE_USER_SCRIPT_SANDBOXING = NO;
				GENERATE_INFOPLIST_FILE = YES;
				INFOPLIST_FILE = SwipeHanjaAD/Info.plist;
				INFOPLIST_KEY_CFBundleDisplayName = "Swipe! 상공한자(AD)";
				INFOPLIST_KEY_UIApplicationSupportsIndirectInputEvents = YES;
				INFOPLIST_KEY_UILaunchStoryboardName = LaunchScreen;
				INFOPLIST_KEY_UISupportedInterfaceOrientations = "UIInterfaceOrientationPortrait UIInterfaceOrientationPortraitUpsideDown";
				INFOPLIST_KEY_UISupportedInterfaceOrientations_iPad = "UIInterfaceOrientationLandscapeLeft UIInterfaceOrientationLandscapeRight UIInterfaceOrientationPortrait UIInterfaceOrientationPortraitUpsideDown";
				IPHONEOS_DEPLOYMENT_TARGET = 15.0;
				LD_RUNPATH_SEARCH_PATHS = (
					"$(inherited)",
					"@executable_path/Frameworks",
				);
				MARKETING_VERSION = 1.5.0;
				PRODUCT_BUNDLE_IDENTIFIER = com.wgyang.swipeSangGongHanjaAD;
				PRODUCT_NAME = "$(TARGET_NAME)";
				SUPPORTED_PLATFORMS = "iphoneos iphonesimulator";
				SUPPORTS_MACCATALYST = NO;
				SUPPORTS_MAC_DESIGNED_FOR_IPHONE_IPAD = NO;
				SUPPORTS_XR_DESIGNED_FOR_IPHONE_IPAD = NO;
				"SWIFT_ACTIVE_COMPILATION_CONDITIONS[arch=*]" = "SwipeHanjaAD $(inherited)";
				SWIFT_EMIT_LOC_STRINGS = YES;
				SWIFT_VERSION = 5.0;
				TARGETED_DEVICE_FAMILY = 1;
			};
			name = Debug;
		};
		6AB977DF2D28359200497D96 /* Release */ = {
			isa = XCBuildConfiguration;
			baseConfigurationReference = FD092547C7D444A757F2A055 /* Pods-SwipeHanjaAD.release.xcconfig */;
			buildSettings = {
				ASSETCATALOG_COMPILER_APPICON_NAME = AppIcon;
				ASSETCATALOG_COMPILER_GLOBAL_ACCENT_COLOR_NAME = AccentColor;
				CODE_SIGN_STYLE = Automatic;
				CURRENT_PROJECT_VERSION = 1;
				DEVELOPMENT_TEAM = WRMZ68J9BN;
				ENABLE_USER_SCRIPT_SANDBOXING = NO;
				GENERATE_INFOPLIST_FILE = YES;
				INFOPLIST_FILE = SwipeHanjaAD/Info.plist;
				INFOPLIST_KEY_CFBundleDisplayName = "Swipe! 상공한자(AD)";
				INFOPLIST_KEY_UIApplicationSupportsIndirectInputEvents = YES;
				INFOPLIST_KEY_UILaunchStoryboardName = LaunchScreen;
				INFOPLIST_KEY_UISupportedInterfaceOrientations = "UIInterfaceOrientationPortrait UIInterfaceOrientationPortraitUpsideDown";
				INFOPLIST_KEY_UISupportedInterfaceOrientations_iPad = "UIInterfaceOrientationLandscapeLeft UIInterfaceOrientationLandscapeRight UIInterfaceOrientationPortrait UIInterfaceOrientationPortraitUpsideDown";
				IPHONEOS_DEPLOYMENT_TARGET = 15.0;
				LD_RUNPATH_SEARCH_PATHS = (
					"$(inherited)",
					"@executable_path/Frameworks",
				);
				MARKETING_VERSION = 1.5.0;
				PRODUCT_BUNDLE_IDENTIFIER = com.wgyang.swipeSangGongHanjaAD;
				PRODUCT_NAME = "$(TARGET_NAME)";
				SUPPORTED_PLATFORMS = "iphoneos iphonesimulator";
				SUPPORTS_MACCATALYST = NO;
				SUPPORTS_MAC_DESIGNED_FOR_IPHONE_IPAD = NO;
				SUPPORTS_XR_DESIGNED_FOR_IPHONE_IPAD = NO;
				"SWIFT_ACTIVE_COMPILATION_CONDITIONS[arch=*]" = SwipeHanjaAD;
				SWIFT_EMIT_LOC_STRINGS = YES;
				SWIFT_VERSION = 5.0;
				TARGETED_DEVICE_FAMILY = 1;
			};
			name = Release;
		};
/* End XCBuildConfiguration section */

/* Begin XCConfigurationList section */
		6AA331F92BD14E0100996EC5 /* Build configuration list for PBXProject "SwipeHanja" */ = {
			isa = XCConfigurationList;
			buildConfigurations = (
				6AA332102BD14E0200996EC5 /* Debug */,
				6AA332112BD14E0200996EC5 /* Release */,
			);
			defaultConfigurationIsVisible = 0;
			defaultConfigurationName = Release;
		};
		6AA332122BD14E0200996EC5 /* Build configuration list for PBXNativeTarget "SwipeHanja" */ = {
			isa = XCConfigurationList;
			buildConfigurations = (
				6AA332132BD14E0200996EC5 /* Debug */,
				6AA332142BD14E0200996EC5 /* Release */,
			);
			defaultConfigurationIsVisible = 0;
			defaultConfigurationName = Release;
		};
		6AB977DD2D28359200497D96 /* Build configuration list for PBXNativeTarget "SwipeHanjaAD" */ = {
			isa = XCConfigurationList;
			buildConfigurations = (
				6AB977DE2D28359200497D96 /* Debug */,
				6AB977DF2D28359200497D96 /* Release */,
			);
			defaultConfigurationIsVisible = 0;
			defaultConfigurationName = Release;
		};
/* End XCConfigurationList section */
	};
	rootObject = 6AA331F62BD14E0100996EC5 /* Project object */;
}
